PODS:
  - FlowStacks (0.8.3)
  - ScalingHeaderScrollView (1.1.4):
    - SwiftUIIntrospect
  - SDWebImage (5.20.0):
    - SDWebImage/Core (= 5.20.0)
  - SDWebImage/Core (5.20.0)
  - SDWebImageSwiftUI (3.1.3):
    - SDWebImage (~> 5.10)
  - SkeletonUI (2.0.2)
  - SwiftUIIntrospect (1.3.0)
  - SwiftyAttributes (5.4.0)
  - Then (3.0.0)

DEPENDENCIES:
  - FlowStacks
  - ScalingHeaderScrollView
  - SDWebImageSwiftUI
  - SkeletonUI
  - SwiftyAttributes
  - Then

SPEC REPOS:
  https://github.com/CocoaPods/Specs.git:
    - FlowStacks
    - ScalingHeaderScrollView
    - SDWebImage
    - SDWebImageSwiftUI
    - SkeletonUI
    - SwiftUIIntrospect
    - SwiftyAttributes
    - Then

SPEC CHECKSUMS:
  FlowStacks: 3dcd2eaa6479b901468fa4206f3840d5671307a1
  ScalingHeaderScrollView: bbff3ab62d3ac7f1d53f02a0b6ae2f61b919e054
  SDWebImage: 73c6079366fea25fa4bb9640d5fb58f0893facd8
  SDWebImageSwiftUI: a6d7129fb68fc18c8b930b869ddcfce314e49ded
  SkeletonUI: 8312e30b21b3e5af67a3807ae7da98f500e9c61d
  SwiftUIIntrospect: fee9aa07293ee280373a591e1824e8ddc869ba5d
  SwiftyAttributes: 45fae22b22a246a0b7f0a8d2157a02bf89fb2e9a
  Then: 844265ae87834bbe1147d91d5d41a404da2ec27d

PODFILE CHECKSUM: a658c3f741c2a46fa749a9af0ba438a2fa89733f

COCOAPODS: 1.15.2
