// !$*UTF8*$!
{
	archiveVersion = 1;
	classes = {
	};
	objectVersion = 56;
	objects = {

/* Begin PBXBuildFile section */
		2802CFDB8CD6498862AF73F2 /* Token.swift in Sources */ = {isa = PBXBuildFile; fileRef = 091411DC0725C9FF25F366CD /* Token.swift */; };
		5718EB1A2CEDE5BA00CDE34D /* DisableBounces.swift in Sources */ = {isa = PBXBuildFile; fileRef = 5718EB192CEDE5B700CDE34D /* DisableBounces.swift */; };
		5718EB1D2CEDF72000CDE34D /* ShortenAddress.swift in Sources */ = {isa = PBXBuildFile; fileRef = 5718EB1C2CEDF71500CDE34D /* ShortenAddress.swift */; };
		575157912CEB43FF004CD647 /* HomeScreen.swift in Sources */ = {isa = PBXBuildFile; fileRef = 5751578E2CEB43FF004CD647 /* HomeScreen.swift */; };
		5751579B2CEB4407004CD647 /* AppButton.swift in Sources */ = {isa = PBXBuildFile; fileRef = 575157922CEB4407004CD647 /* AppButton.swift */; };
		5751579C2CEB4407004CD647 /* Others.swift in Sources */ = {isa = PBXBuildFile; fileRef = 575157972CEB4407004CD647 /* Others.swift */; };
		5751579D2CEB4407004CD647 /* AppIcon.swift in Sources */ = {isa = PBXBuildFile; fileRef = 575157932CEB4407004CD647 /* AppIcon.swift */; };
		5751579E2CEB4407004CD647 /* Font.swift in Sources */ = {isa = PBXBuildFile; fileRef = 575157962CEB4407004CD647 /* Font.swift */; };
		575157C62CEB4526004CD647 /* InterDisplay-Black.ttf in Resources */ = {isa = PBXBuildFile; fileRef = 575157B42CEB4526004CD647 /* InterDisplay-Black.ttf */; };
		575157C72CEB4526004CD647 /* InterDisplay-ExtraBoldItalic.ttf in Resources */ = {isa = PBXBuildFile; fileRef = 575157B92CEB4526004CD647 /* InterDisplay-ExtraBoldItalic.ttf */; };
		575157C82CEB4526004CD647 /* InterDisplay-BlackItalic.ttf in Resources */ = {isa = PBXBuildFile; fileRef = 575157B52CEB4526004CD647 /* InterDisplay-BlackItalic.ttf */; };
		575157C92CEB4526004CD647 /* Inter-ThinItalic.ttf in Resources */ = {isa = PBXBuildFile; fileRef = 575157B32CEB4526004CD647 /* Inter-ThinItalic.ttf */; };
		575157CA2CEB4526004CD647 /* InterDisplay-Bold.ttf in Resources */ = {isa = PBXBuildFile; fileRef = 575157B62CEB4526004CD647 /* InterDisplay-Bold.ttf */; };
		575157CB2CEB4526004CD647 /* Inter-Light.ttf in Resources */ = {isa = PBXBuildFile; fileRef = 575157AB2CEB4526004CD647 /* Inter-Light.ttf */; };
		575157CC2CEB4526004CD647 /* InterDisplay-ExtraLight.ttf in Resources */ = {isa = PBXBuildFile; fileRef = 575157BA2CEB4526004CD647 /* InterDisplay-ExtraLight.ttf */; };
		575157CD2CEB4526004CD647 /* InterDisplay-SemiBold.ttf in Resources */ = {isa = PBXBuildFile; fileRef = 575157C22CEB4526004CD647 /* InterDisplay-SemiBold.ttf */; };
		575157CE2CEB4526004CD647 /* Inter-BlackItalic.ttf in Resources */ = {isa = PBXBuildFile; fileRef = 575157A32CEB4526004CD647 /* Inter-BlackItalic.ttf */; };
		575157CF2CEB4526004CD647 /* Inter-MediumItalic.ttf in Resources */ = {isa = PBXBuildFile; fileRef = 575157AE2CEB4526004CD647 /* Inter-MediumItalic.ttf */; };
		575157D02CEB4526004CD647 /* Inter-SemiBold.ttf in Resources */ = {isa = PBXBuildFile; fileRef = 575157B02CEB4526004CD647 /* Inter-SemiBold.ttf */; };
		575157D12CEB4526004CD647 /* Inter-SemiBoldItalic.ttf in Resources */ = {isa = PBXBuildFile; fileRef = 575157B12CEB4526004CD647 /* Inter-SemiBoldItalic.ttf */; };
		575157D22CEB4526004CD647 /* Inter-Thin.ttf in Resources */ = {isa = PBXBuildFile; fileRef = 575157B22CEB4526004CD647 /* Inter-Thin.ttf */; };
		575157D32CEB4526004CD647 /* InterDisplay-ExtraBold.ttf in Resources */ = {isa = PBXBuildFile; fileRef = 575157B82CEB4526004CD647 /* InterDisplay-ExtraBold.ttf */; };
		575157D42CEB4526004CD647 /* InterDisplay-Light.ttf in Resources */ = {isa = PBXBuildFile; fileRef = 575157BD2CEB4526004CD647 /* InterDisplay-Light.ttf */; };
		575157D52CEB4526004CD647 /* Inter-Black.ttf in Resources */ = {isa = PBXBuildFile; fileRef = 575157A22CEB4526004CD647 /* Inter-Black.ttf */; };
		575157D62CEB4526004CD647 /* InterDisplay-Medium.ttf in Resources */ = {isa = PBXBuildFile; fileRef = 575157BF2CEB4526004CD647 /* InterDisplay-Medium.ttf */; };
		575157D72CEB4526004CD647 /* Inter-Bold.ttf in Resources */ = {isa = PBXBuildFile; fileRef = 575157A42CEB4526004CD647 /* Inter-Bold.ttf */; };
		575157D82CEB4526004CD647 /* Inter-ExtraLight.ttf in Resources */ = {isa = PBXBuildFile; fileRef = 575157A82CEB4526004CD647 /* Inter-ExtraLight.ttf */; };
		575157D92CEB4526004CD647 /* Inter-Italic.ttf in Resources */ = {isa = PBXBuildFile; fileRef = 575157AA2CEB4526004CD647 /* Inter-Italic.ttf */; };
		575157DA2CEB4526004CD647 /* Inter-Medium.ttf in Resources */ = {isa = PBXBuildFile; fileRef = 575157AD2CEB4526004CD647 /* Inter-Medium.ttf */; };
		575157DB2CEB4526004CD647 /* InterDisplay-LightItalic.ttf in Resources */ = {isa = PBXBuildFile; fileRef = 575157BE2CEB4526004CD647 /* InterDisplay-LightItalic.ttf */; };
		575157DC2CEB4526004CD647 /* InterDisplay-Italic.ttf in Resources */ = {isa = PBXBuildFile; fileRef = 575157BC2CEB4526004CD647 /* InterDisplay-Italic.ttf */; };
		575157DD2CEB4526004CD647 /* InterDisplay-MediumItalic.ttf in Resources */ = {isa = PBXBuildFile; fileRef = 575157C02CEB4526004CD647 /* InterDisplay-MediumItalic.ttf */; };
		575157DE2CEB4526004CD647 /* InterDisplay-Regular.ttf in Resources */ = {isa = PBXBuildFile; fileRef = 575157C12CEB4526004CD647 /* InterDisplay-Regular.ttf */; };
		575157DF2CEB4526004CD647 /* InterDisplay-SemiBoldItalic.ttf in Resources */ = {isa = PBXBuildFile; fileRef = 575157C32CEB4526004CD647 /* InterDisplay-SemiBoldItalic.ttf */; };
		575157E02CEB4526004CD647 /* InterDisplay-ExtraLightItalic.ttf in Resources */ = {isa = PBXBuildFile; fileRef = 575157BB2CEB4526004CD647 /* InterDisplay-ExtraLightItalic.ttf */; };
		575157E12CEB4526004CD647 /* InterDisplay-Thin.ttf in Resources */ = {isa = PBXBuildFile; fileRef = 575157C42CEB4526004CD647 /* InterDisplay-Thin.ttf */; };
		575157E22CEB4526004CD647 /* InterDisplay-ThinItalic.ttf in Resources */ = {isa = PBXBuildFile; fileRef = 575157C52CEB4526004CD647 /* InterDisplay-ThinItalic.ttf */; };
		575157E32CEB4526004CD647 /* InterDisplay-BoldItalic.ttf in Resources */ = {isa = PBXBuildFile; fileRef = 575157B72CEB4526004CD647 /* InterDisplay-BoldItalic.ttf */; };
		575157E42CEB4526004CD647 /* Inter-BoldItalic.ttf in Resources */ = {isa = PBXBuildFile; fileRef = 575157A52CEB4526004CD647 /* Inter-BoldItalic.ttf */; };
		575157E52CEB4526004CD647 /* Inter-ExtraBold.ttf in Resources */ = {isa = PBXBuildFile; fileRef = 575157A62CEB4526004CD647 /* Inter-ExtraBold.ttf */; };
		575157E62CEB4526004CD647 /* Inter-ExtraLightItalic.ttf in Resources */ = {isa = PBXBuildFile; fileRef = 575157A92CEB4526004CD647 /* Inter-ExtraLightItalic.ttf */; };
		575157E72CEB4526004CD647 /* Inter-Regular.ttf in Resources */ = {isa = PBXBuildFile; fileRef = 575157AF2CEB4526004CD647 /* Inter-Regular.ttf */; };
		575157E82CEB4526004CD647 /* Inter-LightItalic.ttf in Resources */ = {isa = PBXBuildFile; fileRef = 575157AC2CEB4526004CD647 /* Inter-LightItalic.ttf */; };
		575157E92CEB4526004CD647 /* Inter-ExtraBoldItalic.ttf in Resources */ = {isa = PBXBuildFile; fileRef = 575157A72CEB4526004CD647 /* Inter-ExtraBoldItalic.ttf */; };
		5774769B2CED9A280066CFB6 /* Carousel.swift in Sources */ = {isa = PBXBuildFile; fileRef = 5774769A2CED9A220066CFB6 /* Carousel.swift */; };
		577550D92CEC442100DD7531 /* AppIconButton.swift in Sources */ = {isa = PBXBuildFile; fileRef = 577550D82CEC441D00DD7531 /* AppIconButton.swift */; };
		57A6D91C2CEC3982009CF6CD /* AppBar.swift in Sources */ = {isa = PBXBuildFile; fileRef = 57A6D91B2CEC3980009CF6CD /* AppBar.swift */; };
		57F102962C64CCA0000B3544 /* MinWalletApp.swift in Sources */ = {isa = PBXBuildFile; fileRef = 57F102952C64CCA0000B3544 /* MinWalletApp.swift */; };
		57F102982C64CCA0000B3544 /* ContentView.swift in Sources */ = {isa = PBXBuildFile; fileRef = 57F102972C64CCA0000B3544 /* ContentView.swift */; };
		57F1029A2C64CCA1000B3544 /* Assets.xcassets in Resources */ = {isa = PBXBuildFile; fileRef = 57F102992C64CCA1000B3544 /* Assets.xcassets */; };
		57F1029D2C64CCA1000B3544 /* Preview Assets.xcassets in Resources */ = {isa = PBXBuildFile; fileRef = 57F1029C2C64CCA1000B3544 /* Preview Assets.xcassets */; };
		57F102A72C64CCA1000B3544 /* MinWalletTests.swift in Sources */ = {isa = PBXBuildFile; fileRef = 57F102A62C64CCA1000B3544 /* MinWalletTests.swift */; };
		57F102B12C64CCA1000B3544 /* MinWalletUITests.swift in Sources */ = {isa = PBXBuildFile; fileRef = 57F102B02C64CCA1000B3544 /* MinWalletUITests.swift */; };
		57F102B32C64CCA1000B3544 /* MinWalletUITestsLaunchTests.swift in Sources */ = {isa = PBXBuildFile; fileRef = 57F102B22C64CCA1000B3544 /* MinWalletUITestsLaunchTests.swift */; };
		7B0080B69E81CABECF03244F /* TokenLogo.swift in Sources */ = {isa = PBXBuildFile; fileRef = 57A6F7C6490456E5F226DC7F /* TokenLogo.swift */; };
		D2B5710AE714343499F0B704 /* TokenList.swift in Sources */ = {isa = PBXBuildFile; fileRef = 630109DEEB2DDC7EB0163164 /* TokenList.swift */; };
		E92422734A5D6B793E704F95 /* TokenListItem.swift in Sources */ = {isa = PBXBuildFile; fileRef = 2C84DBEF290DC9F64EA0880D /* TokenListItem.swift */; };
/* End PBXBuildFile section */

/* Begin PBXContainerItemProxy section */
		57F102A32C64CCA1000B3544 /* PBXContainerItemProxy */ = {
			isa = PBXContainerItemProxy;
			containerPortal = 57F1028A2C64CCA0000B3544 /* Project object */;
			proxyType = 1;
			remoteGlobalIDString = 57F102912C64CCA0000B3544;
			remoteInfo = MinWallet;
		};
		57F102AD2C64CCA1000B3544 /* PBXContainerItemProxy */ = {
			isa = PBXContainerItemProxy;
			containerPortal = 57F1028A2C64CCA0000B3544 /* Project object */;
			proxyType = 1;
			remoteGlobalIDString = 57F102912C64CCA0000B3544;
			remoteInfo = MinWallet;
		};
/* End PBXContainerItemProxy section */

/* Begin PBXFileReference section */
		091411DC0725C9FF25F366CD /* Token.swift */ = {isa = PBXFileReference; lastKnownFileType = sourcecode.swift; path = Token.swift; sourceTree = "<group>"; };
		2C84DBEF290DC9F64EA0880D /* TokenListItem.swift */ = {isa = PBXFileReference; lastKnownFileType = sourcecode.swift; path = TokenListItem.swift; sourceTree = "<group>"; };
		5718EB192CEDE5B700CDE34D /* DisableBounces.swift */ = {isa = PBXFileReference; lastKnownFileType = sourcecode.swift; path = DisableBounces.swift; sourceTree = "<group>"; };
		5718EB1C2CEDF71500CDE34D /* ShortenAddress.swift */ = {isa = PBXFileReference; lastKnownFileType = sourcecode.swift; path = ShortenAddress.swift; sourceTree = "<group>"; };
		5751578E2CEB43FF004CD647 /* HomeScreen.swift */ = {isa = PBXFileReference; lastKnownFileType = sourcecode.swift; path = HomeScreen.swift; sourceTree = "<group>"; };
		575157922CEB4407004CD647 /* AppButton.swift */ = {isa = PBXFileReference; lastKnownFileType = sourcecode.swift; path = AppButton.swift; sourceTree = "<group>"; };
		575157932CEB4407004CD647 /* AppIcon.swift */ = {isa = PBXFileReference; lastKnownFileType = sourcecode.swift; path = AppIcon.swift; sourceTree = "<group>"; };
		575157962CEB4407004CD647 /* Font.swift */ = {isa = PBXFileReference; lastKnownFileType = sourcecode.swift; path = Font.swift; sourceTree = "<group>"; };
		575157972CEB4407004CD647 /* Others.swift */ = {isa = PBXFileReference; lastKnownFileType = sourcecode.swift; path = Others.swift; sourceTree = "<group>"; };
		5751579F2CEB4443004CD647 /* Info.plist */ = {isa = PBXFileReference; lastKnownFileType = text.plist; path = Info.plist; sourceTree = "<group>"; };
		575157A22CEB4526004CD647 /* Inter-Black.ttf */ = {isa = PBXFileReference; lastKnownFileType = file; path = "Inter-Black.ttf"; sourceTree = "<group>"; };
		575157A32CEB4526004CD647 /* Inter-BlackItalic.ttf */ = {isa = PBXFileReference; lastKnownFileType = file; path = "Inter-BlackItalic.ttf"; sourceTree = "<group>"; };
		575157A42CEB4526004CD647 /* Inter-Bold.ttf */ = {isa = PBXFileReference; lastKnownFileType = file; path = "Inter-Bold.ttf"; sourceTree = "<group>"; };
		575157A52CEB4526004CD647 /* Inter-BoldItalic.ttf */ = {isa = PBXFileReference; lastKnownFileType = file; path = "Inter-BoldItalic.ttf"; sourceTree = "<group>"; };
		575157A62CEB4526004CD647 /* Inter-ExtraBold.ttf */ = {isa = PBXFileReference; lastKnownFileType = file; path = "Inter-ExtraBold.ttf"; sourceTree = "<group>"; };
		575157A72CEB4526004CD647 /* Inter-ExtraBoldItalic.ttf */ = {isa = PBXFileReference; lastKnownFileType = file; path = "Inter-ExtraBoldItalic.ttf"; sourceTree = "<group>"; };
		575157A82CEB4526004CD647 /* Inter-ExtraLight.ttf */ = {isa = PBXFileReference; lastKnownFileType = file; path = "Inter-ExtraLight.ttf"; sourceTree = "<group>"; };
		575157A92CEB4526004CD647 /* Inter-ExtraLightItalic.ttf */ = {isa = PBXFileReference; lastKnownFileType = file; path = "Inter-ExtraLightItalic.ttf"; sourceTree = "<group>"; };
		575157AA2CEB4526004CD647 /* Inter-Italic.ttf */ = {isa = PBXFileReference; lastKnownFileType = file; path = "Inter-Italic.ttf"; sourceTree = "<group>"; };
		575157AB2CEB4526004CD647 /* Inter-Light.ttf */ = {isa = PBXFileReference; lastKnownFileType = file; path = "Inter-Light.ttf"; sourceTree = "<group>"; };
		575157AC2CEB4526004CD647 /* Inter-LightItalic.ttf */ = {isa = PBXFileReference; lastKnownFileType = file; path = "Inter-LightItalic.ttf"; sourceTree = "<group>"; };
		575157AD2CEB4526004CD647 /* Inter-Medium.ttf */ = {isa = PBXFileReference; lastKnownFileType = file; path = "Inter-Medium.ttf"; sourceTree = "<group>"; };
		575157AE2CEB4526004CD647 /* Inter-MediumItalic.ttf */ = {isa = PBXFileReference; lastKnownFileType = file; path = "Inter-MediumItalic.ttf"; sourceTree = "<group>"; };
		575157AF2CEB4526004CD647 /* Inter-Regular.ttf */ = {isa = PBXFileReference; lastKnownFileType = file; path = "Inter-Regular.ttf"; sourceTree = "<group>"; };
		575157B02CEB4526004CD647 /* Inter-SemiBold.ttf */ = {isa = PBXFileReference; lastKnownFileType = file; path = "Inter-SemiBold.ttf"; sourceTree = "<group>"; };
		575157B12CEB4526004CD647 /* Inter-SemiBoldItalic.ttf */ = {isa = PBXFileReference; lastKnownFileType = file; path = "Inter-SemiBoldItalic.ttf"; sourceTree = "<group>"; };
		575157B22CEB4526004CD647 /* Inter-Thin.ttf */ = {isa = PBXFileReference; lastKnownFileType = file; path = "Inter-Thin.ttf"; sourceTree = "<group>"; };
		575157B32CEB4526004CD647 /* Inter-ThinItalic.ttf */ = {isa = PBXFileReference; lastKnownFileType = file; path = "Inter-ThinItalic.ttf"; sourceTree = "<group>"; };
		575157B42CEB4526004CD647 /* InterDisplay-Black.ttf */ = {isa = PBXFileReference; lastKnownFileType = file; path = "InterDisplay-Black.ttf"; sourceTree = "<group>"; };
		575157B52CEB4526004CD647 /* InterDisplay-BlackItalic.ttf */ = {isa = PBXFileReference; lastKnownFileType = file; path = "InterDisplay-BlackItalic.ttf"; sourceTree = "<group>"; };
		575157B62CEB4526004CD647 /* InterDisplay-Bold.ttf */ = {isa = PBXFileReference; lastKnownFileType = file; path = "InterDisplay-Bold.ttf"; sourceTree = "<group>"; };
		575157B72CEB4526004CD647 /* InterDisplay-BoldItalic.ttf */ = {isa = PBXFileReference; lastKnownFileType = file; path = "InterDisplay-BoldItalic.ttf"; sourceTree = "<group>"; };
		575157B82CEB4526004CD647 /* InterDisplay-ExtraBold.ttf */ = {isa = PBXFileReference; lastKnownFileType = file; path = "InterDisplay-ExtraBold.ttf"; sourceTree = "<group>"; };
		575157B92CEB4526004CD647 /* InterDisplay-ExtraBoldItalic.ttf */ = {isa = PBXFileReference; lastKnownFileType = file; path = "InterDisplay-ExtraBoldItalic.ttf"; sourceTree = "<group>"; };
		575157BA2CEB4526004CD647 /* InterDisplay-ExtraLight.ttf */ = {isa = PBXFileReference; lastKnownFileType = file; path = "InterDisplay-ExtraLight.ttf"; sourceTree = "<group>"; };
		575157BB2CEB4526004CD647 /* InterDisplay-ExtraLightItalic.ttf */ = {isa = PBXFileReference; lastKnownFileType = file; path = "InterDisplay-ExtraLightItalic.ttf"; sourceTree = "<group>"; };
		575157BC2CEB4526004CD647 /* InterDisplay-Italic.ttf */ = {isa = PBXFileReference; lastKnownFileType = file; path = "InterDisplay-Italic.ttf"; sourceTree = "<group>"; };
		575157BD2CEB4526004CD647 /* InterDisplay-Light.ttf */ = {isa = PBXFileReference; lastKnownFileType = file; path = "InterDisplay-Light.ttf"; sourceTree = "<group>"; };
		575157BE2CEB4526004CD647 /* InterDisplay-LightItalic.ttf */ = {isa = PBXFileReference; lastKnownFileType = file; path = "InterDisplay-LightItalic.ttf"; sourceTree = "<group>"; };
		575157BF2CEB4526004CD647 /* InterDisplay-Medium.ttf */ = {isa = PBXFileReference; lastKnownFileType = file; path = "InterDisplay-Medium.ttf"; sourceTree = "<group>"; };
		575157C02CEB4526004CD647 /* InterDisplay-MediumItalic.ttf */ = {isa = PBXFileReference; lastKnownFileType = file; path = "InterDisplay-MediumItalic.ttf"; sourceTree = "<group>"; };
		575157C12CEB4526004CD647 /* InterDisplay-Regular.ttf */ = {isa = PBXFileReference; lastKnownFileType = file; path = "InterDisplay-Regular.ttf"; sourceTree = "<group>"; };
		575157C22CEB4526004CD647 /* InterDisplay-SemiBold.ttf */ = {isa = PBXFileReference; lastKnownFileType = file; path = "InterDisplay-SemiBold.ttf"; sourceTree = "<group>"; };
		575157C32CEB4526004CD647 /* InterDisplay-SemiBoldItalic.ttf */ = {isa = PBXFileReference; lastKnownFileType = file; path = "InterDisplay-SemiBoldItalic.ttf"; sourceTree = "<group>"; };
		575157C42CEB4526004CD647 /* InterDisplay-Thin.ttf */ = {isa = PBXFileReference; lastKnownFileType = file; path = "InterDisplay-Thin.ttf"; sourceTree = "<group>"; };
		575157C52CEB4526004CD647 /* InterDisplay-ThinItalic.ttf */ = {isa = PBXFileReference; lastKnownFileType = file; path = "InterDisplay-ThinItalic.ttf"; sourceTree = "<group>"; };
		5774769A2CED9A220066CFB6 /* Carousel.swift */ = {isa = PBXFileReference; lastKnownFileType = sourcecode.swift; path = Carousel.swift; sourceTree = "<group>"; };
		577550D82CEC441D00DD7531 /* AppIconButton.swift */ = {isa = PBXFileReference; lastKnownFileType = sourcecode.swift; path = AppIconButton.swift; sourceTree = "<group>"; };
		57A6D9192CEC35BF009CF6CD /* Mobile.xcframework */ = {isa = PBXFileReference; lastKnownFileType = wrapper.xcframework; name = Mobile.xcframework; path = rust/ios/Mobile.xcframework; sourceTree = "<group>"; };
		57A6D91A2CEC3604009CF6CD /* mwrust.swift */ = {isa = PBXFileReference; lastKnownFileType = sourcecode.swift; name = mwrust.swift; path = rust/bindings/mwrust.swift; sourceTree = "<group>"; };
		57A6D91B2CEC3980009CF6CD /* AppBar.swift */ = {isa = PBXFileReference; lastKnownFileType = sourcecode.swift; path = AppBar.swift; sourceTree = "<group>"; };
		57A6F7C6490456E5F226DC7F /* TokenLogo.swift */ = {isa = PBXFileReference; lastKnownFileType = sourcecode.swift; path = TokenLogo.swift; sourceTree = "<group>"; };
		57F102922C64CCA0000B3544 /* MinWallet.app */ = {isa = PBXFileReference; explicitFileType = wrapper.application; includeInIndex = 0; path = MinWallet.app; sourceTree = BUILT_PRODUCTS_DIR; };
		57F102952C64CCA0000B3544 /* MinWalletApp.swift */ = {isa = PBXFileReference; lastKnownFileType = sourcecode.swift; path = MinWalletApp.swift; sourceTree = "<group>"; };
		57F102972C64CCA0000B3544 /* ContentView.swift */ = {isa = PBXFileReference; lastKnownFileType = sourcecode.swift; path = ContentView.swift; sourceTree = "<group>"; };
		57F102992C64CCA1000B3544 /* Assets.xcassets */ = {isa = PBXFileReference; lastKnownFileType = folder.assetcatalog; path = Assets.xcassets; sourceTree = "<group>"; };
		57F1029C2C64CCA1000B3544 /* Preview Assets.xcassets */ = {isa = PBXFileReference; lastKnownFileType = folder.assetcatalog; path = "Preview Assets.xcassets"; sourceTree = "<group>"; };
		57F102A22C64CCA1000B3544 /* MinWalletTests.xctest */ = {isa = PBXFileReference; explicitFileType = wrapper.cfbundle; includeInIndex = 0; path = MinWalletTests.xctest; sourceTree = BUILT_PRODUCTS_DIR; };
		57F102A62C64CCA1000B3544 /* MinWalletTests.swift */ = {isa = PBXFileReference; lastKnownFileType = sourcecode.swift; path = MinWalletTests.swift; sourceTree = "<group>"; };
		57F102AC2C64CCA1000B3544 /* MinWalletUITests.xctest */ = {isa = PBXFileReference; explicitFileType = wrapper.cfbundle; includeInIndex = 0; path = MinWalletUITests.xctest; sourceTree = BUILT_PRODUCTS_DIR; };
		57F102B02C64CCA1000B3544 /* MinWalletUITests.swift */ = {isa = PBXFileReference; lastKnownFileType = sourcecode.swift; path = MinWalletUITests.swift; sourceTree = "<group>"; };
		57F102B22C64CCA1000B3544 /* MinWalletUITestsLaunchTests.swift */ = {isa = PBXFileReference; lastKnownFileType = sourcecode.swift; path = MinWalletUITestsLaunchTests.swift; sourceTree = "<group>"; };
		630109DEEB2DDC7EB0163164 /* TokenList.swift */ = {isa = PBXFileReference; lastKnownFileType = sourcecode.swift; name = TokenList.swift; path = MinWallet/Features/Home/Components/TokenList/TokenList.swift; sourceTree = SOURCE_ROOT; };
/* End PBXFileReference section */

/* Begin PBXFrameworksBuildPhase section */
		57F1028F2C64CCA0000B3544 /* Frameworks */ = {
			isa = PBXFrameworksBuildPhase;
			buildActionMask = 2147483647;
			files = (
			);
			runOnlyForDeploymentPostprocessing = 0;
		};
		57F1029F2C64CCA1000B3544 /* Frameworks */ = {
			isa = PBXFrameworksBuildPhase;
			buildActionMask = 2147483647;
			files = (
			);
			runOnlyForDeploymentPostprocessing = 0;
		};
		57F102A92C64CCA1000B3544 /* Frameworks */ = {
			isa = PBXFrameworksBuildPhase;
			buildActionMask = 2147483647;
			files = (
			);
			runOnlyForDeploymentPostprocessing = 0;
		};
/* End PBXFrameworksBuildPhase section */

/* Begin PBXGroup section */
		1AE3C59B4E432256FA9F1732 /* TokenList */ = {
			isa = PBXGroup;
			children = (
				630109DEEB2DDC7EB0163164 /* TokenList.swift */,
				2C84DBEF290DC9F64EA0880D /* TokenListItem.swift */,
			);
			path = TokenList;
			sourceTree = "<group>";
		};
		5718EB182CEDE5AF00CDE34D /* View Modifiers */ = {
			isa = PBXGroup;
			children = (
				5718EB192CEDE5B700CDE34D /* DisableBounces.swift */,
			);
			path = "View Modifiers";
			sourceTree = "<group>";
		};
		5718EB1B2CEDF71000CDE34D /* Utils */ = {
			isa = PBXGroup;
			children = (
				5718EB1C2CEDF71500CDE34D /* ShortenAddress.swift */,
			);
			path = Utils;
			sourceTree = "<group>";
		};
		5751578F2CEB43FF004CD647 /* Home */ = {
			isa = PBXGroup;
			children = (
				577476992CED9A1D0066CFB6 /* Components */,
				5751578E2CEB43FF004CD647 /* HomeScreen.swift */,
			);
			path = Home;
			sourceTree = "<group>";
		};
		575157902CEB43FF004CD647 /* Features */ = {
			isa = PBXGroup;
			children = (
				5751578F2CEB43FF004CD647 /* Home */,
			);
			path = Features;
			sourceTree = "<group>";
		};
		575157942CEB4407004CD647 /* Components */ = {
			isa = PBXGroup;
			children = (
				577550D82CEC441D00DD7531 /* AppIconButton.swift */,
				57A6D91B2CEC3980009CF6CD /* AppBar.swift */,
				575157922CEB4407004CD647 /* AppButton.swift */,
				575157932CEB4407004CD647 /* AppIcon.swift */,
				57A6F7C6490456E5F226DC7F /* TokenLogo.swift */,
			);
			path = Components;
			sourceTree = "<group>";
		};
		575157982CEB4407004CD647 /* Theme */ = {
			isa = PBXGroup;
			children = (
				575157962CEB4407004CD647 /* Font.swift */,
				575157972CEB4407004CD647 /* Others.swift */,
			);
			path = Theme;
			sourceTree = "<group>";
		};
		575157992CEB4407004CD647 /* Shared */ = {
			isa = PBXGroup;
			children = (
				5718EB1B2CEDF71000CDE34D /* Utils */,
				5718EB182CEDE5AF00CDE34D /* View Modifiers */,
				575157A02CEB44F5004CD647 /* Fonts */,
				575157942CEB4407004CD647 /* Components */,
				575157982CEB4407004CD647 /* Theme */,
				AEE36C0E332270370FC8B504 /* Structs */,
			);
			path = Shared;
			sourceTree = "<group>";
		};
		575157A02CEB44F5004CD647 /* Fonts */ = {
			isa = PBXGroup;
			children = (
				575157A12CEB4520004CD647 /* Inter */,
			);
			path = Fonts;
			sourceTree = "<group>";
		};
		575157A12CEB4520004CD647 /* Inter */ = {
			isa = PBXGroup;
			children = (
				575157A22CEB4526004CD647 /* Inter-Black.ttf */,
				575157A32CEB4526004CD647 /* Inter-BlackItalic.ttf */,
				575157A42CEB4526004CD647 /* Inter-Bold.ttf */,
				575157A52CEB4526004CD647 /* Inter-BoldItalic.ttf */,
				575157A62CEB4526004CD647 /* Inter-ExtraBold.ttf */,
				575157A72CEB4526004CD647 /* Inter-ExtraBoldItalic.ttf */,
				575157A82CEB4526004CD647 /* Inter-ExtraLight.ttf */,
				575157A92CEB4526004CD647 /* Inter-ExtraLightItalic.ttf */,
				575157AA2CEB4526004CD647 /* Inter-Italic.ttf */,
				575157AB2CEB4526004CD647 /* Inter-Light.ttf */,
				575157AC2CEB4526004CD647 /* Inter-LightItalic.ttf */,
				575157AD2CEB4526004CD647 /* Inter-Medium.ttf */,
				575157AE2CEB4526004CD647 /* Inter-MediumItalic.ttf */,
				575157AF2CEB4526004CD647 /* Inter-Regular.ttf */,
				575157B02CEB4526004CD647 /* Inter-SemiBold.ttf */,
				575157B12CEB4526004CD647 /* Inter-SemiBoldItalic.ttf */,
				575157B22CEB4526004CD647 /* Inter-Thin.ttf */,
				575157B32CEB4526004CD647 /* Inter-ThinItalic.ttf */,
				575157B42CEB4526004CD647 /* InterDisplay-Black.ttf */,
				575157B52CEB4526004CD647 /* InterDisplay-BlackItalic.ttf */,
				575157B62CEB4526004CD647 /* InterDisplay-Bold.ttf */,
				575157B72CEB4526004CD647 /* InterDisplay-BoldItalic.ttf */,
				575157B82CEB4526004CD647 /* InterDisplay-ExtraBold.ttf */,
				575157B92CEB4526004CD647 /* InterDisplay-ExtraBoldItalic.ttf */,
				575157BA2CEB4526004CD647 /* InterDisplay-ExtraLight.ttf */,
				575157BB2CEB4526004CD647 /* InterDisplay-ExtraLightItalic.ttf */,
				575157BC2CEB4526004CD647 /* InterDisplay-Italic.ttf */,
				575157BD2CEB4526004CD647 /* InterDisplay-Light.ttf */,
				575157BE2CEB4526004CD647 /* InterDisplay-LightItalic.ttf */,
				575157BF2CEB4526004CD647 /* InterDisplay-Medium.ttf */,
				575157C02CEB4526004CD647 /* InterDisplay-MediumItalic.ttf */,
				575157C12CEB4526004CD647 /* InterDisplay-Regular.ttf */,
				575157C22CEB4526004CD647 /* InterDisplay-SemiBold.ttf */,
				575157C32CEB4526004CD647 /* InterDisplay-SemiBoldItalic.ttf */,
				575157C42CEB4526004CD647 /* InterDisplay-Thin.ttf */,
				575157C52CEB4526004CD647 /* InterDisplay-ThinItalic.ttf */,
			);
			path = Inter;
			sourceTree = "<group>";
		};
		577476992CED9A1D0066CFB6 /* Components */ = {
			isa = PBXGroup;
			children = (
				5774769A2CED9A220066CFB6 /* Carousel.swift */,
				1AE3C59B4E432256FA9F1732 /* TokenList */,
			);
			path = Components;
			sourceTree = "<group>";
		};
		57F102892C64CCA0000B3544 = {
			isa = PBXGroup;
			children = (
				57F102942C64CCA0000B3544 /* MinWallet */,
				57F102A52C64CCA1000B3544 /* MinWalletTests */,
				57F102AF2C64CCA1000B3544 /* MinWalletUITests */,
				57F102932C64CCA0000B3544 /* Products */,
				57A6D9192CEC35BF009CF6CD /* Mobile.xcframework */,
				57A6D91A2CEC3604009CF6CD /* mwrust.swift */,
			);
			sourceTree = "<group>";
		};
		57F102932C64CCA0000B3544 /* Products */ = {
			isa = PBXGroup;
			children = (
				57F102922C64CCA0000B3544 /* MinWallet.app */,
				57F102A22C64CCA1000B3544 /* MinWalletTests.xctest */,
				57F102AC2C64CCA1000B3544 /* MinWalletUITests.xctest */,
			);
			name = Products;
			sourceTree = "<group>";
		};
		57F102942C64CCA0000B3544 /* MinWallet */ = {
			isa = PBXGroup;
			children = (
				5751579F2CEB4443004CD647 /* Info.plist */,
				57F102952C64CCA0000B3544 /* MinWalletApp.swift */,
				57F102972C64CCA0000B3544 /* ContentView.swift */,
				57F102992C64CCA1000B3544 /* Assets.xcassets */,
				57F1029B2C64CCA1000B3544 /* Preview Content */,
				575157902CEB43FF004CD647 /* Features */,
				575157992CEB4407004CD647 /* Shared */,
			);
			path = MinWallet;
			sourceTree = "<group>";
		};
		57F1029B2C64CCA1000B3544 /* Preview Content */ = {
			isa = PBXGroup;
			children = (
				57F1029C2C64CCA1000B3544 /* Preview Assets.xcassets */,
			);
			path = "Preview Content";
			sourceTree = "<group>";
		};
		57F102A52C64CCA1000B3544 /* MinWalletTests */ = {
			isa = PBXGroup;
			children = (
				57F102A62C64CCA1000B3544 /* MinWalletTests.swift */,
			);
			path = MinWalletTests;
			sourceTree = "<group>";
		};
		57F102AF2C64CCA1000B3544 /* MinWalletUITests */ = {
			isa = PBXGroup;
			children = (
				57F102B02C64CCA1000B3544 /* MinWalletUITests.swift */,
				57F102B22C64CCA1000B3544 /* MinWalletUITestsLaunchTests.swift */,
			);
			path = MinWalletUITests;
			sourceTree = "<group>";
		};
		AEE36C0E332270370FC8B504 /* Structs */ = {
			isa = PBXGroup;
			children = (
				091411DC0725C9FF25F366CD /* Token.swift */,
			);
			path = Structs;
			sourceTree = "<group>";
		};
/* End PBXGroup section */

/* Begin PBXNativeTarget section */
		57F102912C64CCA0000B3544 /* MinWallet */ = {
			isa = PBXNativeTarget;
			buildConfigurationList = 57F102B62C64CCA1000B3544 /* Build configuration list for PBXNativeTarget "MinWallet" */;
			buildPhases = (
				57F1028E2C64CCA0000B3544 /* Sources */,
				57F1028F2C64CCA0000B3544 /* Frameworks */,
				57F102902C64CCA0000B3544 /* Resources */,
			);
			buildRules = (
			);
			dependencies = (
			);
			name = MinWallet;
			productName = MinWallet;
			productReference = 57F102922C64CCA0000B3544 /* MinWallet.app */;
			productType = "com.apple.product-type.application";
		};
		57F102A12C64CCA1000B3544 /* MinWalletTests */ = {
			isa = PBXNativeTarget;
			buildConfigurationList = 57F102B92C64CCA1000B3544 /* Build configuration list for PBXNativeTarget "MinWalletTests" */;
			buildPhases = (
				57F1029E2C64CCA1000B3544 /* Sources */,
				57F1029F2C64CCA1000B3544 /* Frameworks */,
				57F102A02C64CCA1000B3544 /* Resources */,
			);
			buildRules = (
			);
			dependencies = (
				57F102A42C64CCA1000B3544 /* PBXTargetDependency */,
			);
			name = MinWalletTests;
			productName = MinWalletTests;
			productReference = 57F102A22C64CCA1000B3544 /* MinWalletTests.xctest */;
			productType = "com.apple.product-type.bundle.unit-test";
		};
		57F102AB2C64CCA1000B3544 /* MinWalletUITests */ = {
			isa = PBXNativeTarget;
			buildConfigurationList = 57F102BC2C64CCA1000B3544 /* Build configuration list for PBXNativeTarget "MinWalletUITests" */;
			buildPhases = (
				57F102A82C64CCA1000B3544 /* Sources */,
				57F102A92C64CCA1000B3544 /* Frameworks */,
				57F102AA2C64CCA1000B3544 /* Resources */,
			);
			buildRules = (
			);
			dependencies = (
				57F102AE2C64CCA1000B3544 /* PBXTargetDependency */,
			);
			name = MinWalletUITests;
			productName = MinWalletUITests;
			productReference = 57F102AC2C64CCA1000B3544 /* MinWalletUITests.xctest */;
			productType = "com.apple.product-type.bundle.ui-testing";
		};
/* End PBXNativeTarget section */

/* Begin PBXProject section */
		57F1028A2C64CCA0000B3544 /* Project object */ = {
			isa = PBXProject;
			attributes = {
				BuildIndependentTargetsInParallel = 1;
				LastSwiftUpdateCheck = 1540;
				LastUpgradeCheck = 1540;
				TargetAttributes = {
					57F102912C64CCA0000B3544 = {
						CreatedOnToolsVersion = 15.4;
					};
					57F102A12C64CCA1000B3544 = {
						CreatedOnToolsVersion = 15.4;
						TestTargetID = 57F102912C64CCA0000B3544;
					};
					57F102AB2C64CCA1000B3544 = {
						CreatedOnToolsVersion = 15.4;
						TestTargetID = 57F102912C64CCA0000B3544;
					};
				};
			};
			buildConfigurationList = 57F1028D2C64CCA0000B3544 /* Build configuration list for PBXProject "MinWallet" */;
			compatibilityVersion = "Xcode 14.0";
			developmentRegion = en;
			hasScannedForEncodings = 0;
			knownRegions = (
				en,
				Base,
			);
			mainGroup = 57F102892C64CCA0000B3544;
			productRefGroup = 57F102932C64CCA0000B3544 /* Products */;
			projectDirPath = "";
			projectRoot = "";
			targets = (
				57F102912C64CCA0000B3544 /* MinWallet */,
				57F102A12C64CCA1000B3544 /* MinWalletTests */,
				57F102AB2C64CCA1000B3544 /* MinWalletUITests */,
			);
		};
/* End PBXProject section */

/* Begin PBXResourcesBuildPhase section */
		57F102902C64CCA0000B3544 /* Resources */ = {
			isa = PBXResourcesBuildPhase;
			buildActionMask = 2147483647;
			files = (
				575157C62CEB4526004CD647 /* InterDisplay-Black.ttf in Resources */,
				575157C72CEB4526004CD647 /* InterDisplay-ExtraBoldItalic.ttf in Resources */,
				575157C82CEB4526004CD647 /* InterDisplay-BlackItalic.ttf in Resources */,
				575157C92CEB4526004CD647 /* Inter-ThinItalic.ttf in Resources */,
				575157CA2CEB4526004CD647 /* InterDisplay-Bold.ttf in Resources */,
				575157CB2CEB4526004CD647 /* Inter-Light.ttf in Resources */,
				575157CC2CEB4526004CD647 /* InterDisplay-ExtraLight.ttf in Resources */,
				575157CD2CEB4526004CD647 /* InterDisplay-SemiBold.ttf in Resources */,
				575157CE2CEB4526004CD647 /* Inter-BlackItalic.ttf in Resources */,
				575157CF2CEB4526004CD647 /* Inter-MediumItalic.ttf in Resources */,
				575157D02CEB4526004CD647 /* Inter-SemiBold.ttf in Resources */,
				575157D12CEB4526004CD647 /* Inter-SemiBoldItalic.ttf in Resources */,
				575157D22CEB4526004CD647 /* Inter-Thin.ttf in Resources */,
				575157D32CEB4526004CD647 /* InterDisplay-ExtraBold.ttf in Resources */,
				575157D42CEB4526004CD647 /* InterDisplay-Light.ttf in Resources */,
				575157D52CEB4526004CD647 /* Inter-Black.ttf in Resources */,
				575157D62CEB4526004CD647 /* InterDisplay-Medium.ttf in Resources */,
				575157D72CEB4526004CD647 /* Inter-Bold.ttf in Resources */,
				575157D82CEB4526004CD647 /* Inter-ExtraLight.ttf in Resources */,
				575157D92CEB4526004CD647 /* Inter-Italic.ttf in Resources */,
				575157DA2CEB4526004CD647 /* Inter-Medium.ttf in Resources */,
				575157DB2CEB4526004CD647 /* InterDisplay-LightItalic.ttf in Resources */,
				575157DC2CEB4526004CD647 /* InterDisplay-Italic.ttf in Resources */,
				575157DD2CEB4526004CD647 /* InterDisplay-MediumItalic.ttf in Resources */,
				575157DE2CEB4526004CD647 /* InterDisplay-Regular.ttf in Resources */,
				575157DF2CEB4526004CD647 /* InterDisplay-SemiBoldItalic.ttf in Resources */,
				575157E02CEB4526004CD647 /* InterDisplay-ExtraLightItalic.ttf in Resources */,
				575157E12CEB4526004CD647 /* InterDisplay-Thin.ttf in Resources */,
				575157E22CEB4526004CD647 /* InterDisplay-ThinItalic.ttf in Resources */,
				575157E32CEB4526004CD647 /* InterDisplay-BoldItalic.ttf in Resources */,
				575157E42CEB4526004CD647 /* Inter-BoldItalic.ttf in Resources */,
				575157E52CEB4526004CD647 /* Inter-ExtraBold.ttf in Resources */,
				575157E62CEB4526004CD647 /* Inter-ExtraLightItalic.ttf in Resources */,
				575157E72CEB4526004CD647 /* Inter-Regular.ttf in Resources */,
				575157E82CEB4526004CD647 /* Inter-LightItalic.ttf in Resources */,
				575157E92CEB4526004CD647 /* Inter-ExtraBoldItalic.ttf in Resources */,
				57F1029D2C64CCA1000B3544 /* Preview Assets.xcassets in Resources */,
				57F1029A2C64CCA1000B3544 /* Assets.xcassets in Resources */,
			);
			runOnlyForDeploymentPostprocessing = 0;
		};
		57F102A02C64CCA1000B3544 /* Resources */ = {
			isa = PBXResourcesBuildPhase;
			buildActionMask = 2147483647;
			files = (
			);
			runOnlyForDeploymentPostprocessing = 0;
		};
		57F102AA2C64CCA1000B3544 /* Resources */ = {
			isa = PBXResourcesBuildPhase;
			buildActionMask = 2147483647;
			files = (
			);
			runOnlyForDeploymentPostprocessing = 0;
		};
/* End PBXResourcesBuildPhase section */

/* Begin PBXSourcesBuildPhase section */
		57F1028E2C64CCA0000B3544 /* Sources */ = {
			isa = PBXSourcesBuildPhase;
			buildActionMask = 2147483647;
			files = (
				575157912CEB43FF004CD647 /* HomeScreen.swift in Sources */,
				5718EB1A2CEDE5BA00CDE34D /* DisableBounces.swift in Sources */,
				577550D92CEC442100DD7531 /* AppIconButton.swift in Sources */,
				57F102982C64CCA0000B3544 /* ContentView.swift in Sources */,
				5774769B2CED9A280066CFB6 /* Carousel.swift in Sources */,
				5718EB1D2CEDF72000CDE34D /* ShortenAddress.swift in Sources */,
				5751579B2CEB4407004CD647 /* AppButton.swift in Sources */,
				5751579C2CEB4407004CD647 /* Others.swift in Sources */,
				5751579D2CEB4407004CD647 /* AppIcon.swift in Sources */,
				57A6D91C2CEC3982009CF6CD /* AppBar.swift in Sources */,
				5751579E2CEB4407004CD647 /* Font.swift in Sources */,
				57F102962C64CCA0000B3544 /* MinWalletApp.swift in Sources */,
				7B0080B69E81CABECF03244F /* TokenLogo.swift in Sources */,
				E92422734A5D6B793E704F95 /* TokenListItem.swift in Sources */,
				D2B5710AE714343499F0B704 /* TokenList.swift in Sources */,
				2802CFDB8CD6498862AF73F2 /* Token.swift in Sources */,
			);
			runOnlyForDeploymentPostprocessing = 0;
		};
		57F1029E2C64CCA1000B3544 /* Sources */ = {
			isa = PBXSourcesBuildPhase;
			buildActionMask = 2147483647;
			files = (
				57F102A72C64CCA1000B3544 /* MinWalletTests.swift in Sources */,
			);
			runOnlyForDeploymentPostprocessing = 0;
		};
		57F102A82C64CCA1000B3544 /* Sources */ = {
			isa = PBXSourcesBuildPhase;
			buildActionMask = 2147483647;
			files = (
				57F102B32C64CCA1000B3544 /* MinWalletUITestsLaunchTests.swift in Sources */,
				57F102B12C64CCA1000B3544 /* MinWalletUITests.swift in Sources */,
			);
			runOnlyForDeploymentPostprocessing = 0;
		};
/* End PBXSourcesBuildPhase section */

/* Begin PBXTargetDependency section */
		57F102A42C64CCA1000B3544 /* PBXTargetDependency */ = {
			isa = PBXTargetDependency;
			target = 57F102912C64CCA0000B3544 /* MinWallet */;
			targetProxy = 57F102A32C64CCA1000B3544 /* PBXContainerItemProxy */;
		};
		57F102AE2C64CCA1000B3544 /* PBXTargetDependency */ = {
			isa = PBXTargetDependency;
			target = 57F102912C64CCA0000B3544 /* MinWallet */;
			targetProxy = 57F102AD2C64CCA1000B3544 /* PBXContainerItemProxy */;
		};
/* End PBXTargetDependency section */

/* Begin XCBuildConfiguration section */
		57F102B42C64CCA1000B3544 /* Debug */ = {
			isa = XCBuildConfiguration;
			buildSettings = {
				ALWAYS_SEARCH_USER_PATHS = NO;
				ASSETCATALOG_COMPILER_GENERATE_SWIFT_ASSET_SYMBOL_EXTENSIONS = YES;
				CLANG_ANALYZER_NONNULL = YES;
				CLANG_ANALYZER_NUMBER_OBJECT_CONVERSION = YES_AGGRESSIVE;
				CLANG_CXX_LANGUAGE_STANDARD = "gnu++20";
				CLANG_ENABLE_MODULES = YES;
				CLANG_ENABLE_OBJC_ARC = YES;
				CLANG_ENABLE_OBJC_WEAK = YES;
				CLANG_WARN_BLOCK_CAPTURE_AUTORELEASING = YES;
				CLANG_WARN_BOOL_CONVERSION = YES;
				CLANG_WARN_COMMA = YES;
				CLANG_WARN_CONSTANT_CONVERSION = YES;
				CLANG_WARN_DEPRECATED_OBJC_IMPLEMENTATIONS = YES;
				CLANG_WARN_DIRECT_OBJC_ISA_USAGE = YES_ERROR;
				CLANG_WARN_DOCUMENTATION_COMMENTS = YES;
				CLANG_WARN_EMPTY_BODY = YES;
				CLANG_WARN_ENUM_CONVERSION = YES;
				CLANG_WARN_INFINITE_RECURSION = YES;
				CLANG_WARN_INT_CONVERSION = YES;
				CLANG_WARN_NON_LITERAL_NULL_CONVERSION = YES;
				CLANG_WARN_OBJC_IMPLICIT_RETAIN_SELF = YES;
				CLANG_WARN_OBJC_LITERAL_CONVERSION = YES;
				CLANG_WARN_OBJC_ROOT_CLASS = YES_ERROR;
				CLANG_WARN_QUOTED_INCLUDE_IN_FRAMEWORK_HEADER = YES;
				CLANG_WARN_RANGE_LOOP_ANALYSIS = YES;
				CLANG_WARN_STRICT_PROTOTYPES = YES;
				CLANG_WARN_SUSPICIOUS_MOVE = YES;
				CLANG_WARN_UNGUARDED_AVAILABILITY = YES_AGGRESSIVE;
				CLANG_WARN_UNREACHABLE_CODE = YES;
				CLANG_WARN__DUPLICATE_METHOD_MATCH = YES;
				COPY_PHASE_STRIP = NO;
				DEBUG_INFORMATION_FORMAT = dwarf;
				ENABLE_STRICT_OBJC_MSGSEND = YES;
				ENABLE_TESTABILITY = YES;
				ENABLE_USER_SCRIPT_SANDBOXING = YES;
				GCC_C_LANGUAGE_STANDARD = gnu17;
				GCC_DYNAMIC_NO_PIC = NO;
				GCC_NO_COMMON_BLOCKS = YES;
				GCC_OPTIMIZATION_LEVEL = 0;
				GCC_PREPROCESSOR_DEFINITIONS = (
					"DEBUG=1",
					"$(inherited)",
				);
				GCC_WARN_64_TO_32_BIT_CONVERSION = YES;
				GCC_WARN_ABOUT_RETURN_TYPE = YES_ERROR;
				GCC_WARN_UNDECLARED_SELECTOR = YES;
				GCC_WARN_UNINITIALIZED_AUTOS = YES_AGGRESSIVE;
				GCC_WARN_UNUSED_FUNCTION = YES;
				GCC_WARN_UNUSED_VARIABLE = YES;
				IPHONEOS_DEPLOYMENT_TARGET = 17.5;
				LOCALIZATION_PREFERS_STRING_CATALOGS = YES;
				MTL_ENABLE_DEBUG_INFO = INCLUDE_SOURCE;
				MTL_FAST_MATH = YES;
				ONLY_ACTIVE_ARCH = YES;
				SDKROOT = iphoneos;
				SWIFT_ACTIVE_COMPILATION_CONDITIONS = "DEBUG $(inherited)";
				SWIFT_OPTIMIZATION_LEVEL = "-Onone";
			};
			name = Debug;
		};
		57F102B52C64CCA1000B3544 /* Release */ = {
			isa = XCBuildConfiguration;
			buildSettings = {
				ALWAYS_SEARCH_USER_PATHS = NO;
				ASSETCATALOG_COMPILER_GENERATE_SWIFT_ASSET_SYMBOL_EXTENSIONS = YES;
				CLANG_ANALYZER_NONNULL = YES;
				CLANG_ANALYZER_NUMBER_OBJECT_CONVERSION = YES_AGGRESSIVE;
				CLANG_CXX_LANGUAGE_STANDARD = "gnu++20";
				CLANG_ENABLE_MODULES = YES;
				CLANG_ENABLE_OBJC_ARC = YES;
				CLANG_ENABLE_OBJC_WEAK = YES;
				CLANG_WARN_BLOCK_CAPTURE_AUTORELEASING = YES;
				CLANG_WARN_BOOL_CONVERSION = YES;
				CLANG_WARN_COMMA = YES;
				CLANG_WARN_CONSTANT_CONVERSION = YES;
				CLANG_WARN_DEPRECATED_OBJC_IMPLEMENTATIONS = YES;
				CLANG_WARN_DIRECT_OBJC_ISA_USAGE = YES_ERROR;
				CLANG_WARN_DOCUMENTATION_COMMENTS = YES;
				CLANG_WARN_EMPTY_BODY = YES;
				CLANG_WARN_ENUM_CONVERSION = YES;
				CLANG_WARN_INFINITE_RECURSION = YES;
				CLANG_WARN_INT_CONVERSION = YES;
				CLANG_WARN_NON_LITERAL_NULL_CONVERSION = YES;
				CLANG_WARN_OBJC_IMPLICIT_RETAIN_SELF = YES;
				CLANG_WARN_OBJC_LITERAL_CONVERSION = YES;
				CLANG_WARN_OBJC_ROOT_CLASS = YES_ERROR;
				CLANG_WARN_QUOTED_INCLUDE_IN_FRAMEWORK_HEADER = YES;
				CLANG_WARN_RANGE_LOOP_ANALYSIS = YES;
				CLANG_WARN_STRICT_PROTOTYPES = YES;
				CLANG_WARN_SUSPICIOUS_MOVE = YES;
				CLANG_WARN_UNGUARDED_AVAILABILITY = YES_AGGRESSIVE;
				CLANG_WARN_UNREACHABLE_CODE = YES;
				CLANG_WARN__DUPLICATE_METHOD_MATCH = YES;
				COPY_PHASE_STRIP = NO;
				DEBUG_INFORMATION_FORMAT = "dwarf-with-dsym";
				ENABLE_NS_ASSERTIONS = NO;
				ENABLE_STRICT_OBJC_MSGSEND = YES;
				ENABLE_USER_SCRIPT_SANDBOXING = YES;
				GCC_C_LANGUAGE_STANDARD = gnu17;
				GCC_NO_COMMON_BLOCKS = YES;
				GCC_WARN_64_TO_32_BIT_CONVERSION = YES;
				GCC_WARN_ABOUT_RETURN_TYPE = YES_ERROR;
				GCC_WARN_UNDECLARED_SELECTOR = YES;
				GCC_WARN_UNINITIALIZED_AUTOS = YES_AGGRESSIVE;
				GCC_WARN_UNUSED_FUNCTION = YES;
				GCC_WARN_UNUSED_VARIABLE = YES;
				IPHONEOS_DEPLOYMENT_TARGET = 17.5;
				LOCALIZATION_PREFERS_STRING_CATALOGS = YES;
				MTL_ENABLE_DEBUG_INFO = NO;
				MTL_FAST_MATH = YES;
				SDKROOT = iphoneos;
				SWIFT_COMPILATION_MODE = wholemodule;
				VALIDATE_PRODUCT = YES;
			};
			name = Release;
		};
		57F102B72C64CCA1000B3544 /* Debug */ = {
			isa = XCBuildConfiguration;
			buildSettings = {
				ASSETCATALOG_COMPILER_APPICON_NAME = AppIcon;
				ASSETCATALOG_COMPILER_GLOBAL_ACCENT_COLOR_NAME = AccentColor;
				CODE_SIGN_STYLE = Automatic;
				CURRENT_PROJECT_VERSION = 1;
				DEVELOPMENT_ASSET_PATHS = "\"MinWallet/Preview Content\"";
				ENABLE_PREVIEWS = YES;
				GENERATE_INFOPLIST_FILE = YES;
				INFOPLIST_FILE = MinWallet/Info.plist;
				INFOPLIST_KEY_UIApplicationSceneManifest_Generation = YES;
				INFOPLIST_KEY_UIApplicationSupportsIndirectInputEvents = YES;
				INFOPLIST_KEY_UILaunchScreen_Generation = YES;
				INFOPLIST_KEY_UISupportedInterfaceOrientations_iPad = "UIInterfaceOrientationPortrait UIInterfaceOrientationPortraitUpsideDown UIInterfaceOrientationLandscapeLeft UIInterfaceOrientationLandscapeRight";
				INFOPLIST_KEY_UISupportedInterfaceOrientations_iPhone = "UIInterfaceOrientationPortrait UIInterfaceOrientationLandscapeLeft UIInterfaceOrientationLandscapeRight";
				LD_RUNPATH_SEARCH_PATHS = (
					"$(inherited)",
					"@executable_path/Frameworks",
				);
				MARKETING_VERSION = 1.0;
				PRODUCT_BUNDLE_IDENTIFIER = org.minswap.MinWallet;
				PRODUCT_NAME = "$(TARGET_NAME)";
				SWIFT_EMIT_LOC_STRINGS = YES;
				SWIFT_VERSION = 5.0;
				TARGETED_DEVICE_FAMILY = "1,2";
			};
			name = Debug;
		};
		57F102B82C64CCA1000B3544 /* Release */ = {
			isa = XCBuildConfiguration;
			buildSettings = {
				ASSETCATALOG_COMPILER_APPICON_NAME = AppIcon;
				ASSETCATALOG_COMPILER_GLOBAL_ACCENT_COLOR_NAME = AccentColor;
				CODE_SIGN_STYLE = Automatic;
				CURRENT_PROJECT_VERSION = 1;
				DEVELOPMENT_ASSET_PATHS = "\"MinWallet/Preview Content\"";
				ENABLE_PREVIEWS = YES;
				GENERATE_INFOPLIST_FILE = YES;
				INFOPLIST_FILE = MinWallet/Info.plist;
				INFOPLIST_KEY_UIApplicationSceneManifest_Generation = YES;
				INFOPLIST_KEY_UIApplicationSupportsIndirectInputEvents = YES;
				INFOPLIST_KEY_UILaunchScreen_Generation = YES;
				INFOPLIST_KEY_UISupportedInterfaceOrientations_iPad = "UIInterfaceOrientationPortrait UIInterfaceOrientationPortraitUpsideDown UIInterfaceOrientationLandscapeLeft UIInterfaceOrientationLandscapeRight";
				INFOPLIST_KEY_UISupportedInterfaceOrientations_iPhone = "UIInterfaceOrientationPortrait UIInterfaceOrientationLandscapeLeft UIInterfaceOrientationLandscapeRight";
				LD_RUNPATH_SEARCH_PATHS = (
					"$(inherited)",
					"@executable_path/Frameworks",
				);
				MARKETING_VERSION = 1.0;
				PRODUCT_BUNDLE_IDENTIFIER = org.minswap.MinWallet;
				PRODUCT_NAME = "$(TARGET_NAME)";
				SWIFT_EMIT_LOC_STRINGS = YES;
				SWIFT_VERSION = 5.0;
				TARGETED_DEVICE_FAMILY = "1,2";
			};
			name = Release;
		};
		57F102BA2C64CCA1000B3544 /* Debug */ = {
			isa = XCBuildConfiguration;
			buildSettings = {
				ALWAYS_EMBED_SWIFT_STANDARD_LIBRARIES = YES;
				BUNDLE_LOADER = "$(TEST_HOST)";
				CODE_SIGN_STYLE = Automatic;
				CURRENT_PROJECT_VERSION = 1;
				GENERATE_INFOPLIST_FILE = YES;
				IPHONEOS_DEPLOYMENT_TARGET = 17.5;
				MARKETING_VERSION = 1.0;
				PRODUCT_BUNDLE_IDENTIFIER = org.minswap.MinWalletTests;
				PRODUCT_NAME = "$(TARGET_NAME)";
				SWIFT_EMIT_LOC_STRINGS = NO;
				SWIFT_VERSION = 5.0;
				TARGETED_DEVICE_FAMILY = "1,2";
				TEST_HOST = "$(BUILT_PRODUCTS_DIR)/MinWallet.app/$(BUNDLE_EXECUTABLE_FOLDER_PATH)/MinWallet";
			};
			name = Debug;
		};
		57F102BB2C64CCA1000B3544 /* Release */ = {
			isa = XCBuildConfiguration;
			buildSettings = {
				ALWAYS_EMBED_SWIFT_STANDARD_LIBRARIES = YES;
				BUNDLE_LOADER = "$(TEST_HOST)";
				CODE_SIGN_STYLE = Automatic;
				CURRENT_PROJECT_VERSION = 1;
				GENERATE_INFOPLIST_FILE = YES;
				IPHONEOS_DEPLOYMENT_TARGET = 17.5;
				MARKETING_VERSION = 1.0;
				PRODUCT_BUNDLE_IDENTIFIER = org.minswap.MinWalletTests;
				PRODUCT_NAME = "$(TARGET_NAME)";
				SWIFT_EMIT_LOC_STRINGS = NO;
				SWIFT_VERSION = 5.0;
				TARGETED_DEVICE_FAMILY = "1,2";
				TEST_HOST = "$(BUILT_PRODUCTS_DIR)/MinWallet.app/$(BUNDLE_EXECUTABLE_FOLDER_PATH)/MinWallet";
			};
			name = Release;
		};
		57F102BD2C64CCA1000B3544 /* Debug */ = {
			isa = XCBuildConfiguration;
			buildSettings = {
				ALWAYS_EMBED_SWIFT_STANDARD_LIBRARIES = YES;
				CODE_SIGN_STYLE = Automatic;
				CURRENT_PROJECT_VERSION = 1;
				GENERATE_INFOPLIST_FILE = YES;
				MARKETING_VERSION = 1.0;
				PRODUCT_BUNDLE_IDENTIFIER = org.minswap.MinWalletUITests;
				PRODUCT_NAME = "$(TARGET_NAME)";
				SWIFT_EMIT_LOC_STRINGS = NO;
				SWIFT_VERSION = 5.0;
				TARGETED_DEVICE_FAMILY = "1,2";
				TEST_TARGET_NAME = MinWallet;
			};
			name = Debug;
		};
		57F102BE2C64CCA1000B3544 /* Release */ = {
			isa = XCBuildConfiguration;
			buildSettings = {
				ALWAYS_EMBED_SWIFT_STANDARD_LIBRARIES = YES;
				CODE_SIGN_STYLE = Automatic;
				CURRENT_PROJECT_VERSION = 1;
				GENERATE_INFOPLIST_FILE = YES;
				MARKETING_VERSION = 1.0;
				PRODUCT_BUNDLE_IDENTIFIER = org.minswap.MinWalletUITests;
				PRODUCT_NAME = "$(TARGET_NAME)";
				SWIFT_EMIT_LOC_STRINGS = NO;
				SWIFT_VERSION = 5.0;
				TARGETED_DEVICE_FAMILY = "1,2";
				TEST_TARGET_NAME = MinWallet;
			};
			name = Release;
		};
/* End XCBuildConfiguration section */

/* Begin XCConfigurationList section */
		57F1028D2C64CCA0000B3544 /* Build configuration list for PBXProject "MinWallet" */ = {
			isa = XCConfigurationList;
			buildConfigurations = (
				57F102B42C64CCA1000B3544 /* Debug */,
				57F102B52C64CCA1000B3544 /* Release */,
			);
			defaultConfigurationIsVisible = 0;
			defaultConfigurationName = Release;
		};
		57F102B62C64CCA1000B3544 /* Build configuration list for PBXNativeTarget "MinWallet" */ = {
			isa = XCConfigurationList;
			buildConfigurations = (
				57F102B72C64CCA1000B3544 /* Debug */,
				57F102B82C64CCA1000B3544 /* Release */,
			);
			defaultConfigurationIsVisible = 0;
			defaultConfigurationName = Release;
		};
		57F102B92C64CCA1000B3544 /* Build configuration list for PBXNativeTarget "MinWalletTests" */ = {
			isa = XCConfigurationList;
			buildConfigurations = (
				57F102BA2C64CCA1000B3544 /* Debug */,
				57F102BB2C64CCA1000B3544 /* Release */,
			);
			defaultConfigurationIsVisible = 0;
			defaultConfigurationName = Release;
		};
		57F102BC2C64CCA1000B3544 /* Build configuration list for PBXNativeTarget "MinWalletUITests" */ = {
			isa = XCConfigurationList;
			buildConfigurations = (
				57F102BD2C64CCA1000B3544 /* Debug */,
				57F102BE2C64CCA1000B3544 /* Release */,
			);
			defaultConfigurationIsVisible = 0;
			defaultConfigurationName = Release;
		};
/* End XCConfigurationList section */
	};
	rootObject = 57F1028A2C64CCA0000B3544 /* Project object */;
}
