// !$*UTF8*$!
{
	archiveVersion = 1;
	classes = {
	};
	objectVersion = 77;
	objects = {

/* Begin PBXBuildFile section */
		2802CFDB8CD6498862AF73F2 /* Token.swift in Sources */ = {isa = PBXBuildFile; fileRef = 091411DC0725C9FF25F366CD /* Token.swift */; };
		571262C52D05E57F00B83940 /* FlowStacks in Frameworks */ = {isa = PBXBuildFile; productRef = 571262C42D05E57F00B83940 /* FlowStacks */; };
		571262C72D05E59500B83940 /* Then in Frameworks */ = {isa = PBXBuildFile; productRef = 571262C62D05E59500B83940 /* Then */; };
		571262C92D05E59800B83940 /* ScalingHeaderScrollView in Frameworks */ = {isa = PBXBuildFile; productRef = 571262C82D05E59800B83940 /* ScalingHeaderScrollView */; };
		5718EB1A2CEDE5BA00CDE34D /* View+Ext.swift in Sources */ = {isa = PBXBuildFile; fileRef = 5718EB192CEDE5B700CDE34D /* View+Ext.swift */; };
		5718EB1D2CEDF72000CDE34D /* ShortenAddress.swift in Sources */ = {isa = PBXBuildFile; fileRef = 5718EB1C2CEDF71500CDE34D /* ShortenAddress.swift */; };
		575157912CEB43FF004CD647 /* HomeView.swift in Sources */ = {isa = PBXBuildFile; fileRef = 5751578E2CEB43FF004CD647 /* HomeView.swift */; };
		5751579B2CEB4407004CD647 /* CustomButton.swift in Sources */ = {isa = PBXBuildFile; fileRef = 575157922CEB4407004CD647 /* CustomButton.swift */; };
		5751579C2CEB4407004CD647 /* Others.swift in Sources */ = {isa = PBXBuildFile; fileRef = 575157972CEB4407004CD647 /* Others.swift */; };
		5751579E2CEB4407004CD647 /* Font.swift in Sources */ = {isa = PBXBuildFile; fileRef = 575157962CEB4407004CD647 /* Font.swift */; };
		575157CA2CEB4526004CD647 /* InterDisplay-Bold.ttf in Resources */ = {isa = PBXBuildFile; fileRef = 575157B62CEB4526004CD647 /* InterDisplay-Bold.ttf */; };
		575157CD2CEB4526004CD647 /* InterDisplay-SemiBold.ttf in Resources */ = {isa = PBXBuildFile; fileRef = 575157C22CEB4526004CD647 /* InterDisplay-SemiBold.ttf */; };
		575157D02CEB4526004CD647 /* Inter-SemiBold.ttf in Resources */ = {isa = PBXBuildFile; fileRef = 575157B02CEB4526004CD647 /* Inter-SemiBold.ttf */; };
		575157D62CEB4526004CD647 /* InterDisplay-Medium.ttf in Resources */ = {isa = PBXBuildFile; fileRef = 575157BF2CEB4526004CD647 /* InterDisplay-Medium.ttf */; };
		575157D72CEB4526004CD647 /* Inter-Bold.ttf in Resources */ = {isa = PBXBuildFile; fileRef = 575157A42CEB4526004CD647 /* Inter-Bold.ttf */; };
		575157DA2CEB4526004CD647 /* Inter-Medium.ttf in Resources */ = {isa = PBXBuildFile; fileRef = 575157AD2CEB4526004CD647 /* Inter-Medium.ttf */; };
		575157DE2CEB4526004CD647 /* InterDisplay-Regular.ttf in Resources */ = {isa = PBXBuildFile; fileRef = 575157C12CEB4526004CD647 /* InterDisplay-Regular.ttf */; };
		575157E72CEB4526004CD647 /* Inter-Regular.ttf in Resources */ = {isa = PBXBuildFile; fileRef = 575157AF2CEB4526004CD647 /* Inter-Regular.ttf */; };
		5774769B2CED9A280066CFB6 /* Carousel.swift in Sources */ = {isa = PBXBuildFile; fileRef = 5774769A2CED9A220066CFB6 /* Carousel.swift */; };
		57F102962C64CCA0000B3544 /* MinWalletApp.swift in Sources */ = {isa = PBXBuildFile; fileRef = 57F102952C64CCA0000B3544 /* MinWalletApp.swift */; };
		57F1029A2C64CCA1000B3544 /* Assets.xcassets in Resources */ = {isa = PBXBuildFile; fileRef = 57F102992C64CCA1000B3544 /* Assets.xcassets */; };
		57F1029D2C64CCA1000B3544 /* Preview Assets.xcassets in Resources */ = {isa = PBXBuildFile; fileRef = 57F1029C2C64CCA1000B3544 /* Preview Assets.xcassets */; };
		57F102A72C64CCA1000B3544 /* MinWalletTests.swift in Sources */ = {isa = PBXBuildFile; fileRef = 57F102A62C64CCA1000B3544 /* MinWalletTests.swift */; };
		57F102B12C64CCA1000B3544 /* MinWalletUITests.swift in Sources */ = {isa = PBXBuildFile; fileRef = 57F102B02C64CCA1000B3544 /* MinWalletUITests.swift */; };
		57F102B32C64CCA1000B3544 /* MinWalletUITestsLaunchTests.swift in Sources */ = {isa = PBXBuildFile; fileRef = 57F102B22C64CCA1000B3544 /* MinWalletUITestsLaunchTests.swift */; };
		7B0080B69E81CABECF03244F /* TokenLogo.swift in Sources */ = {isa = PBXBuildFile; fileRef = 57A6F7C6490456E5F226DC7F /* TokenLogo.swift */; };
		9600DEAE2CF172C9005D997C /* Appearance.swift in Sources */ = {isa = PBXBuildFile; fileRef = 9600DEAC2CF172C9005D997C /* Appearance.swift */; };
		9600DEBB2CF18092005D997C /* Localizable.xcstrings in Resources */ = {isa = PBXBuildFile; fileRef = 9600DEBA2CF18092005D997C /* Localizable.xcstrings */; };
		9600DEBD2CF181D6005D997C /* UserDataManager.swift in Sources */ = {isa = PBXBuildFile; fileRef = 9600DEBC2CF181D6005D997C /* UserDataManager.swift */; };
		9600DEC92CF18620005D997C /* SplashView.swift in Sources */ = {isa = PBXBuildFile; fileRef = 9600DEC82CF18620005D997C /* SplashView.swift */; };
		9600DED02CF18804005D997C /* MainCoordinatorViewModel.swift in Sources */ = {isa = PBXBuildFile; fileRef = 9600DECE2CF18804005D997C /* MainCoordinatorViewModel.swift */; };
		9600DED22CF2B747005D997C /* PolicyConfirmView.swift in Sources */ = {isa = PBXBuildFile; fileRef = 9600DED12CF2B747005D997C /* PolicyConfirmView.swift */; };
		9600DED42CF2B757005D997C /* GettingStartedView.swift in Sources */ = {isa = PBXBuildFile; fileRef = 9600DED32CF2B757005D997C /* GettingStartedView.swift */; };
		965591FF2CF810E800301DDB /* BiometricAuthentication.swift in Sources */ = {isa = PBXBuildFile; fileRef = 965591FE2CF810E800301DDB /* BiometricAuthentication.swift */; };
		965592012CF813BF00301DDB /* AppGeneralError.swift in Sources */ = {isa = PBXBuildFile; fileRef = 965592002CF813BF00301DDB /* AppGeneralError.swift */; };
		965592032CF81A0800301DDB /* KeychainStore.swift in Sources */ = {isa = PBXBuildFile; fileRef = 965592022CF81A0800301DDB /* KeychainStore.swift */; };
		965592162CF858E700301DDB /* SecurePasswordTextField.swift in Sources */ = {isa = PBXBuildFile; fileRef = 965592152CF858E700301DDB /* SecurePasswordTextField.swift */; };
		966659FE2CF463AC0046A20E /* TokenDetailChartView.swift in Sources */ = {isa = PBXBuildFile; fileRef = 966659FD2CF463AC0046A20E /* TokenDetailChartView.swift */; };
		96665A002CF46D480046A20E /* TokenWithPrice.swift in Sources */ = {isa = PBXBuildFile; fileRef = 966659FF2CF46D480046A20E /* TokenWithPrice.swift */; };
		96665A022CF477490046A20E /* HomeViewModel.swift in Sources */ = {isa = PBXBuildFile; fileRef = 96665A012CF477490046A20E /* HomeViewModel.swift */; };
		96665A042CF4C60D0046A20E /* SideMenuView.swift in Sources */ = {isa = PBXBuildFile; fileRef = 96665A032CF4C60D0046A20E /* SideMenuView.swift */; };
		96DC05232CF55C5400A78356 /* SettingView.swift in Sources */ = {isa = PBXBuildFile; fileRef = 96DC05222CF55C5400A78356 /* SettingView.swift */; };
		96DC05252CF5668400A78356 /* SettingViewModel.swift in Sources */ = {isa = PBXBuildFile; fileRef = 96DC05242CF5668400A78356 /* SettingViewModel.swift */; };
		96DC05272CF5685800A78356 /* SwitchToggleStyle.swift in Sources */ = {isa = PBXBuildFile; fileRef = 96DC05262CF5685800A78356 /* SwitchToggleStyle.swift */; };
		96DC05292CF56EFA00A78356 /* AboutView.swift in Sources */ = {isa = PBXBuildFile; fileRef = 96DC05282CF56EFA00A78356 /* AboutView.swift */; };
		96DC052B2CF5721500A78356 /* AppearanceView.swift in Sources */ = {isa = PBXBuildFile; fileRef = 96DC052A2CF5721500A78356 /* AppearanceView.swift */; };
		96DC052E2CF57E3000A78356 /* PartialSheetViews.swift in Sources */ = {isa = PBXBuildFile; fileRef = 96DC052C2CF57E3000A78356 /* PartialSheetViews.swift */; };
		96DC052F2CF57E3000A78356 /* View+Modifiers.swift in Sources */ = {isa = PBXBuildFile; fileRef = 96DC052D2CF57E3000A78356 /* View+Modifiers.swift */; };
		96DC05322CF5A6AF00A78356 /* CurrencyView.swift in Sources */ = {isa = PBXBuildFile; fileRef = 96DC05312CF5A6AF00A78356 /* CurrencyView.swift */; };
		96DC05342CF5A87B00A78356 /* TimeZoneView.swift in Sources */ = {isa = PBXBuildFile; fileRef = 96DC05332CF5A87B00A78356 /* TimeZoneView.swift */; };
		96DC05362CF5AD1B00A78356 /* Language.swift in Sources */ = {isa = PBXBuildFile; fileRef = 96DC05352CF5AD1B00A78356 /* Language.swift */; };
		96DC05382CF5AF9B00A78356 /* LanguageView.swift in Sources */ = {isa = PBXBuildFile; fileRef = 96DC05372CF5AF9B00A78356 /* LanguageView.swift */; };
		96DC053A2CF5B14F00A78356 /* AppSetting.swift in Sources */ = {isa = PBXBuildFile; fileRef = 96DC05392CF5B14F00A78356 /* AppSetting.swift */; };
		96DC053C2CF5C34500A78356 /* UserDefault+Ext.swift in Sources */ = {isa = PBXBuildFile; fileRef = 96DC053B2CF5C34500A78356 /* UserDefault+Ext.swift */; };
		96DC05492CF752B500A78356 /* MainCoordinator.swift in Sources */ = {isa = PBXBuildFile; fileRef = 96DC05482CF752B500A78356 /* MainCoordinator.swift */; };
		96DC054F2CF75AFB00A78356 /* RoundedCorner.swift in Sources */ = {isa = PBXBuildFile; fileRef = 96DC054E2CF75AFB00A78356 /* RoundedCorner.swift */; };
		96FE0CED2CF36033008E4BFD /* TokenListView.swift in Sources */ = {isa = PBXBuildFile; fileRef = 96FE0CEC2CF36032008E4BFD /* TokenListView.swift */; };
		96FE0CF02CF366D7008E4BFD /* TokenDetailView.swift in Sources */ = {isa = PBXBuildFile; fileRef = 96FE0CEF2CF366D7008E4BFD /* TokenDetailView.swift */; };
		96FE0CF22CF366FC008E4BFD /* TokenDetailHeaderView.swift in Sources */ = {isa = PBXBuildFile; fileRef = 96FE0CF12CF366FC008E4BFD /* TokenDetailHeaderView.swift */; };
		96FE0CF42CF3672E008E4BFD /* TokenDetailStatisticView.swift in Sources */ = {isa = PBXBuildFile; fileRef = 96FE0CF32CF3672E008E4BFD /* TokenDetailStatisticView.swift */; };
		96FE0CF62CF36742008E4BFD /* TokenDetailBottomView.swift in Sources */ = {isa = PBXBuildFile; fileRef = 96FE0CF52CF36742008E4BFD /* TokenDetailBottomView.swift */; };
		96FE0CF92CF423C2008E4BFD /* FlexibleView.swift in Sources */ = {isa = PBXBuildFile; fileRef = 96FE0CF72CF423C2008E4BFD /* FlexibleView.swift */; };
		96FE0CFA2CF423C2008E4BFD /* _FlexibleView.swift in Sources */ = {isa = PBXBuildFile; fileRef = 96FE0CF82CF423C2008E4BFD /* _FlexibleView.swift */; };
		96FE0CFC2CF423D1008E4BFD /* SizeReader.swift in Sources */ = {isa = PBXBuildFile; fileRef = 96FE0CFB2CF423D1008E4BFD /* SizeReader.swift */; };
		96FE0CFF2CF433E4008E4BFD /* AppBar.swift in Sources */ = {isa = PBXBuildFile; fileRef = 96FE0CFE2CF433E4008E4BFD /* AppBar.swift */; };
		E92422734A5D6B793E704F95 /* TokenListItemView.swift in Sources */ = {isa = PBXBuildFile; fileRef = 2C84DBEF290DC9F64EA0880D /* TokenListItemView.swift */; };
/* End PBXBuildFile section */

/* Begin PBXContainerItemProxy section */
		57F102A32C64CCA1000B3544 /* PBXContainerItemProxy */ = {
			isa = PBXContainerItemProxy;
			containerPortal = 57F1028A2C64CCA0000B3544 /* Project object */;
			proxyType = 1;
			remoteGlobalIDString = 57F102912C64CCA0000B3544;
			remoteInfo = MinWallet;
		};
		57F102AD2C64CCA1000B3544 /* PBXContainerItemProxy */ = {
			isa = PBXContainerItemProxy;
			containerPortal = 57F1028A2C64CCA0000B3544 /* Project object */;
			proxyType = 1;
			remoteGlobalIDString = 57F102912C64CCA0000B3544;
			remoteInfo = MinWallet;
		};
/* End PBXContainerItemProxy section */

/* Begin PBXFileReference section */
		091411DC0725C9FF25F366CD /* Token.swift */ = {isa = PBXFileReference; lastKnownFileType = sourcecode.swift; path = Token.swift; sourceTree = "<group>"; };
		2C84DBEF290DC9F64EA0880D /* TokenListItemView.swift */ = {isa = PBXFileReference; lastKnownFileType = sourcecode.swift; path = TokenListItemView.swift; sourceTree = "<group>"; };
		5718EB192CEDE5B700CDE34D /* View+Ext.swift */ = {isa = PBXFileReference; lastKnownFileType = sourcecode.swift; path = "View+Ext.swift"; sourceTree = "<group>"; };
		5718EB1C2CEDF71500CDE34D /* ShortenAddress.swift */ = {isa = PBXFileReference; lastKnownFileType = sourcecode.swift; path = ShortenAddress.swift; sourceTree = "<group>"; };
		5751578E2CEB43FF004CD647 /* HomeView.swift */ = {isa = PBXFileReference; lastKnownFileType = sourcecode.swift; path = HomeView.swift; sourceTree = "<group>"; };
		575157922CEB4407004CD647 /* CustomButton.swift */ = {isa = PBXFileReference; lastKnownFileType = sourcecode.swift; path = CustomButton.swift; sourceTree = "<group>"; };
		575157962CEB4407004CD647 /* Font.swift */ = {isa = PBXFileReference; lastKnownFileType = sourcecode.swift; path = Font.swift; sourceTree = "<group>"; };
		575157972CEB4407004CD647 /* Others.swift */ = {isa = PBXFileReference; lastKnownFileType = sourcecode.swift; path = Others.swift; sourceTree = "<group>"; };
		5751579F2CEB4443004CD647 /* Info.plist */ = {isa = PBXFileReference; lastKnownFileType = text.plist; path = Info.plist; sourceTree = "<group>"; };
		575157A42CEB4526004CD647 /* Inter-Bold.ttf */ = {isa = PBXFileReference; lastKnownFileType = file; path = "Inter-Bold.ttf"; sourceTree = "<group>"; };
		575157AD2CEB4526004CD647 /* Inter-Medium.ttf */ = {isa = PBXFileReference; lastKnownFileType = file; path = "Inter-Medium.ttf"; sourceTree = "<group>"; };
		575157AF2CEB4526004CD647 /* Inter-Regular.ttf */ = {isa = PBXFileReference; lastKnownFileType = file; path = "Inter-Regular.ttf"; sourceTree = "<group>"; };
		575157B02CEB4526004CD647 /* Inter-SemiBold.ttf */ = {isa = PBXFileReference; lastKnownFileType = file; path = "Inter-SemiBold.ttf"; sourceTree = "<group>"; };
		575157B62CEB4526004CD647 /* InterDisplay-Bold.ttf */ = {isa = PBXFileReference; lastKnownFileType = file; path = "InterDisplay-Bold.ttf"; sourceTree = "<group>"; };
		575157BF2CEB4526004CD647 /* InterDisplay-Medium.ttf */ = {isa = PBXFileReference; lastKnownFileType = file; path = "InterDisplay-Medium.ttf"; sourceTree = "<group>"; };
		575157C12CEB4526004CD647 /* InterDisplay-Regular.ttf */ = {isa = PBXFileReference; lastKnownFileType = file; path = "InterDisplay-Regular.ttf"; sourceTree = "<group>"; };
		575157C22CEB4526004CD647 /* InterDisplay-SemiBold.ttf */ = {isa = PBXFileReference; lastKnownFileType = file; path = "InterDisplay-SemiBold.ttf"; sourceTree = "<group>"; };
		5774769A2CED9A220066CFB6 /* Carousel.swift */ = {isa = PBXFileReference; lastKnownFileType = sourcecode.swift; path = Carousel.swift; sourceTree = "<group>"; };
		57A6D9192CEC35BF009CF6CD /* Mobile.xcframework */ = {isa = PBXFileReference; lastKnownFileType = wrapper.xcframework; name = Mobile.xcframework; path = rust/ios/Mobile.xcframework; sourceTree = "<group>"; };
		57A6D91A2CEC3604009CF6CD /* mwrust.swift */ = {isa = PBXFileReference; lastKnownFileType = sourcecode.swift; name = mwrust.swift; path = rust/bindings/mwrust.swift; sourceTree = "<group>"; };
		57A6F7C6490456E5F226DC7F /* TokenLogo.swift */ = {isa = PBXFileReference; lastKnownFileType = sourcecode.swift; path = TokenLogo.swift; sourceTree = "<group>"; };
		57F102922C64CCA0000B3544 /* MinWallet.app */ = {isa = PBXFileReference; explicitFileType = wrapper.application; includeInIndex = 0; path = MinWallet.app; sourceTree = BUILT_PRODUCTS_DIR; };
		57F102952C64CCA0000B3544 /* MinWalletApp.swift */ = {isa = PBXFileReference; lastKnownFileType = sourcecode.swift; path = MinWalletApp.swift; sourceTree = "<group>"; };
		57F102992C64CCA1000B3544 /* Assets.xcassets */ = {isa = PBXFileReference; lastKnownFileType = folder.assetcatalog; path = Assets.xcassets; sourceTree = "<group>"; };
		57F1029C2C64CCA1000B3544 /* Preview Assets.xcassets */ = {isa = PBXFileReference; lastKnownFileType = folder.assetcatalog; path = "Preview Assets.xcassets"; sourceTree = "<group>"; };
		57F102A22C64CCA1000B3544 /* MinWalletTests.xctest */ = {isa = PBXFileReference; explicitFileType = wrapper.cfbundle; includeInIndex = 0; path = MinWalletTests.xctest; sourceTree = BUILT_PRODUCTS_DIR; };
		57F102A62C64CCA1000B3544 /* MinWalletTests.swift */ = {isa = PBXFileReference; lastKnownFileType = sourcecode.swift; path = MinWalletTests.swift; sourceTree = "<group>"; };
		57F102AC2C64CCA1000B3544 /* MinWalletUITests.xctest */ = {isa = PBXFileReference; explicitFileType = wrapper.cfbundle; includeInIndex = 0; path = MinWalletUITests.xctest; sourceTree = BUILT_PRODUCTS_DIR; };
		57F102B02C64CCA1000B3544 /* MinWalletUITests.swift */ = {isa = PBXFileReference; lastKnownFileType = sourcecode.swift; path = MinWalletUITests.swift; sourceTree = "<group>"; };
		57F102B22C64CCA1000B3544 /* MinWalletUITestsLaunchTests.swift */ = {isa = PBXFileReference; lastKnownFileType = sourcecode.swift; path = MinWalletUITestsLaunchTests.swift; sourceTree = "<group>"; };
		9600DEAC2CF172C9005D997C /* Appearance.swift */ = {isa = PBXFileReference; fileEncoding = 4; lastKnownFileType = sourcecode.swift; path = Appearance.swift; sourceTree = "<group>"; };
		9600DEBA2CF18092005D997C /* Localizable.xcstrings */ = {isa = PBXFileReference; lastKnownFileType = text.json.xcstrings; path = Localizable.xcstrings; sourceTree = "<group>"; };
		9600DEBC2CF181D6005D997C /* UserDataManager.swift */ = {isa = PBXFileReference; fileEncoding = 4; lastKnownFileType = sourcecode.swift; path = UserDataManager.swift; sourceTree = "<group>"; };
		9600DEC82CF18620005D997C /* SplashView.swift */ = {isa = PBXFileReference; lastKnownFileType = sourcecode.swift; path = SplashView.swift; sourceTree = "<group>"; };
		9600DECE2CF18804005D997C /* MainCoordinatorViewModel.swift */ = {isa = PBXFileReference; fileEncoding = 4; lastKnownFileType = sourcecode.swift; path = MainCoordinatorViewModel.swift; sourceTree = "<group>"; };
		9600DED12CF2B747005D997C /* PolicyConfirmView.swift */ = {isa = PBXFileReference; lastKnownFileType = sourcecode.swift; path = PolicyConfirmView.swift; sourceTree = "<group>"; };
		9600DED32CF2B757005D997C /* GettingStartedView.swift */ = {isa = PBXFileReference; lastKnownFileType = sourcecode.swift; path = GettingStartedView.swift; sourceTree = "<group>"; };
		965591FE2CF810E800301DDB /* BiometricAuthentication.swift */ = {isa = PBXFileReference; fileEncoding = 4; lastKnownFileType = sourcecode.swift; path = BiometricAuthentication.swift; sourceTree = "<group>"; };
		965592002CF813BF00301DDB /* AppGeneralError.swift */ = {isa = PBXFileReference; lastKnownFileType = sourcecode.swift; path = AppGeneralError.swift; sourceTree = "<group>"; };
		965592022CF81A0800301DDB /* KeychainStore.swift */ = {isa = PBXFileReference; fileEncoding = 4; lastKnownFileType = sourcecode.swift; path = KeychainStore.swift; sourceTree = "<group>"; };
		965592152CF858E700301DDB /* SecurePasswordTextField.swift */ = {isa = PBXFileReference; lastKnownFileType = sourcecode.swift; path = SecurePasswordTextField.swift; sourceTree = "<group>"; };
		966659FD2CF463AC0046A20E /* TokenDetailChartView.swift */ = {isa = PBXFileReference; lastKnownFileType = sourcecode.swift; path = TokenDetailChartView.swift; sourceTree = "<group>"; };
		966659FF2CF46D480046A20E /* TokenWithPrice.swift */ = {isa = PBXFileReference; lastKnownFileType = sourcecode.swift; path = TokenWithPrice.swift; sourceTree = "<group>"; };
		96665A012CF477490046A20E /* HomeViewModel.swift */ = {isa = PBXFileReference; lastKnownFileType = sourcecode.swift; path = HomeViewModel.swift; sourceTree = "<group>"; };
		96665A032CF4C60D0046A20E /* SideMenuView.swift */ = {isa = PBXFileReference; lastKnownFileType = sourcecode.swift; path = SideMenuView.swift; sourceTree = "<group>"; };
		96DC05222CF55C5400A78356 /* SettingView.swift */ = {isa = PBXFileReference; lastKnownFileType = sourcecode.swift; path = SettingView.swift; sourceTree = "<group>"; };
		96DC05242CF5668400A78356 /* SettingViewModel.swift */ = {isa = PBXFileReference; lastKnownFileType = sourcecode.swift; path = SettingViewModel.swift; sourceTree = "<group>"; };
		96DC05262CF5685800A78356 /* SwitchToggleStyle.swift */ = {isa = PBXFileReference; lastKnownFileType = sourcecode.swift; path = SwitchToggleStyle.swift; sourceTree = "<group>"; };
		96DC05282CF56EFA00A78356 /* AboutView.swift */ = {isa = PBXFileReference; lastKnownFileType = sourcecode.swift; path = AboutView.swift; sourceTree = "<group>"; };
		96DC052A2CF5721500A78356 /* AppearanceView.swift */ = {isa = PBXFileReference; lastKnownFileType = sourcecode.swift; path = AppearanceView.swift; sourceTree = "<group>"; };
		96DC052C2CF57E3000A78356 /* PartialSheetViews.swift */ = {isa = PBXFileReference; fileEncoding = 4; lastKnownFileType = sourcecode.swift; path = PartialSheetViews.swift; sourceTree = "<group>"; };
		96DC052D2CF57E3000A78356 /* View+Modifiers.swift */ = {isa = PBXFileReference; fileEncoding = 4; lastKnownFileType = sourcecode.swift; path = "View+Modifiers.swift"; sourceTree = "<group>"; };
		96DC05312CF5A6AF00A78356 /* CurrencyView.swift */ = {isa = PBXFileReference; lastKnownFileType = sourcecode.swift; path = CurrencyView.swift; sourceTree = "<group>"; };
		96DC05332CF5A87B00A78356 /* TimeZoneView.swift */ = {isa = PBXFileReference; lastKnownFileType = sourcecode.swift; path = TimeZoneView.swift; sourceTree = "<group>"; };
		96DC05352CF5AD1B00A78356 /* Language.swift */ = {isa = PBXFileReference; lastKnownFileType = sourcecode.swift; path = Language.swift; sourceTree = "<group>"; };
		96DC05372CF5AF9B00A78356 /* LanguageView.swift */ = {isa = PBXFileReference; lastKnownFileType = sourcecode.swift; path = LanguageView.swift; sourceTree = "<group>"; };
		96DC05392CF5B14F00A78356 /* AppSetting.swift */ = {isa = PBXFileReference; lastKnownFileType = sourcecode.swift; path = AppSetting.swift; sourceTree = "<group>"; };
		96DC053B2CF5C34500A78356 /* UserDefault+Ext.swift */ = {isa = PBXFileReference; lastKnownFileType = sourcecode.swift; path = "UserDefault+Ext.swift"; sourceTree = "<group>"; };
		96DC05482CF752B500A78356 /* MainCoordinator.swift */ = {isa = PBXFileReference; fileEncoding = 4; lastKnownFileType = sourcecode.swift; path = MainCoordinator.swift; sourceTree = "<group>"; };
		96DC054E2CF75AFB00A78356 /* RoundedCorner.swift */ = {isa = PBXFileReference; lastKnownFileType = sourcecode.swift; path = RoundedCorner.swift; sourceTree = "<group>"; };
		96FE0CEC2CF36032008E4BFD /* TokenListView.swift */ = {isa = PBXFileReference; fileEncoding = 4; lastKnownFileType = sourcecode.swift; path = TokenListView.swift; sourceTree = "<group>"; };
		96FE0CEF2CF366D7008E4BFD /* TokenDetailView.swift */ = {isa = PBXFileReference; lastKnownFileType = sourcecode.swift; path = TokenDetailView.swift; sourceTree = "<group>"; };
		96FE0CF12CF366FC008E4BFD /* TokenDetailHeaderView.swift */ = {isa = PBXFileReference; lastKnownFileType = sourcecode.swift; path = TokenDetailHeaderView.swift; sourceTree = "<group>"; };
		96FE0CF32CF3672E008E4BFD /* TokenDetailStatisticView.swift */ = {isa = PBXFileReference; lastKnownFileType = sourcecode.swift; path = TokenDetailStatisticView.swift; sourceTree = "<group>"; };
		96FE0CF52CF36742008E4BFD /* TokenDetailBottomView.swift */ = {isa = PBXFileReference; lastKnownFileType = sourcecode.swift; path = TokenDetailBottomView.swift; sourceTree = "<group>"; };
		96FE0CF72CF423C2008E4BFD /* FlexibleView.swift */ = {isa = PBXFileReference; fileEncoding = 4; lastKnownFileType = sourcecode.swift; path = FlexibleView.swift; sourceTree = "<group>"; };
		96FE0CF82CF423C2008E4BFD /* _FlexibleView.swift */ = {isa = PBXFileReference; fileEncoding = 4; lastKnownFileType = sourcecode.swift; path = _FlexibleView.swift; sourceTree = "<group>"; };
		96FE0CFB2CF423D1008E4BFD /* SizeReader.swift */ = {isa = PBXFileReference; fileEncoding = 4; lastKnownFileType = sourcecode.swift; path = SizeReader.swift; sourceTree = "<group>"; };
		96FE0CFE2CF433E4008E4BFD /* AppBar.swift */ = {isa = PBXFileReference; lastKnownFileType = sourcecode.swift; path = AppBar.swift; sourceTree = "<group>"; };
/* End PBXFileReference section */

/* Begin PBXFrameworksBuildPhase section */
		57F1028F2C64CCA0000B3544 /* Frameworks */ = {
			isa = PBXFrameworksBuildPhase;
			buildActionMask = 2147483647;
			files = (
				571262C52D05E57F00B83940 /* FlowStacks in Frameworks */,
				571262C72D05E59500B83940 /* Then in Frameworks */,
				571262C92D05E59800B83940 /* ScalingHeaderScrollView in Frameworks */,
			);
			runOnlyForDeploymentPostprocessing = 0;
		};
		57F1029F2C64CCA1000B3544 /* Frameworks */ = {
			isa = PBXFrameworksBuildPhase;
			buildActionMask = 2147483647;
			files = (
			);
			runOnlyForDeploymentPostprocessing = 0;
		};
		57F102A92C64CCA1000B3544 /* Frameworks */ = {
			isa = PBXFrameworksBuildPhase;
			buildActionMask = 2147483647;
			files = (
			);
			runOnlyForDeploymentPostprocessing = 0;
		};
/* End PBXFrameworksBuildPhase section */

/* Begin PBXGroup section */
		1AE3C59B4E432256FA9F1732 /* TokenList */ = {
			isa = PBXGroup;
			children = (
				96FE0CEC2CF36032008E4BFD /* TokenListView.swift */,
				2C84DBEF290DC9F64EA0880D /* TokenListItemView.swift */,
			);
			path = TokenList;
			sourceTree = "<group>";
		};
		571262C32D05E57F00B83940 /* Frameworks */ = {
			isa = PBXGroup;
			children = (
			);
			name = Frameworks;
			sourceTree = "<group>";
		};
		5718EB1B2CEDF71000CDE34D /* Utils */ = {
			isa = PBXGroup;
			children = (
				965591FD2CF810E000301DDB /* Authentication */,
				5718EB1C2CEDF71500CDE34D /* ShortenAddress.swift */,
				965592002CF813BF00301DDB /* AppGeneralError.swift */,
			);
			path = Utils;
			sourceTree = "<group>";
		};
		5751578F2CEB43FF004CD647 /* Home */ = {
			isa = PBXGroup;
			children = (
				577476992CED9A1D0066CFB6 /* View */,
				5751578E2CEB43FF004CD647 /* HomeView.swift */,
				96665A032CF4C60D0046A20E /* SideMenuView.swift */,
				96665A012CF477490046A20E /* HomeViewModel.swift */,
			);
			path = Home;
			sourceTree = "<group>";
		};
		575157902CEB43FF004CD647 /* Features */ = {
			isa = PBXGroup;
			children = (
				96DC05212CF55C4900A78356 /* Setting */,
				96FE0CEE2CF366A1008E4BFD /* TokenDetail */,
				9600DECC2CF187F9005D997C /* Main */,
				5751578F2CEB43FF004CD647 /* Home */,
				9600DECA2CF18797005D997C /* Onboard */,
				9600DEC72CF18615005D997C /* Splash */,
			);
			path = Features;
			sourceTree = "<group>";
		};
		575157942CEB4407004CD647 /* Components */ = {
			isa = PBXGroup;
			children = (
				5718EB192CEDE5B700CDE34D /* View+Ext.swift */,
				96DC05302CF57E3200A78356 /* CoverSheet */,
				96FE0CFD2CF432D2008E4BFD /* FlexibleView */,
				575157922CEB4407004CD647 /* CustomButton.swift */,
				96FE0CFE2CF433E4008E4BFD /* AppBar.swift */,
				96DC05262CF5685800A78356 /* SwitchToggleStyle.swift */,
				57A6F7C6490456E5F226DC7F /* TokenLogo.swift */,
				965592152CF858E700301DDB /* SecurePasswordTextField.swift */,
			);
			path = Components;
			sourceTree = "<group>";
		};
		575157982CEB4407004CD647 /* Appearance */ = {
			isa = PBXGroup;
			children = (
				575157A02CEB44F5004CD647 /* Fonts */,
				9600DEAC2CF172C9005D997C /* Appearance.swift */,
				575157962CEB4407004CD647 /* Font.swift */,
				575157972CEB4407004CD647 /* Others.swift */,
			);
			path = Appearance;
			sourceTree = "<group>";
		};
		575157992CEB4407004CD647 /* Shared */ = {
			isa = PBXGroup;
			children = (
				57F102992C64CCA1000B3544 /* Assets.xcassets */,
				9600DEB02CF17E52005D997C /* Localize */,
				5718EB1B2CEDF71000CDE34D /* Utils */,
				575157942CEB4407004CD647 /* Components */,
				575157982CEB4407004CD647 /* Appearance */,
			);
			path = Shared;
			sourceTree = "<group>";
		};
		575157A02CEB44F5004CD647 /* Fonts */ = {
			isa = PBXGroup;
			children = (
				575157A12CEB4520004CD647 /* Inter */,
			);
			path = Fonts;
			sourceTree = "<group>";
		};
		575157A12CEB4520004CD647 /* Inter */ = {
			isa = PBXGroup;
			children = (
				575157A42CEB4526004CD647 /* Inter-Bold.ttf */,
				575157AD2CEB4526004CD647 /* Inter-Medium.ttf */,
				575157AF2CEB4526004CD647 /* Inter-Regular.ttf */,
				575157B02CEB4526004CD647 /* Inter-SemiBold.ttf */,
				575157B62CEB4526004CD647 /* InterDisplay-Bold.ttf */,
				575157BF2CEB4526004CD647 /* InterDisplay-Medium.ttf */,
				575157C12CEB4526004CD647 /* InterDisplay-Regular.ttf */,
				575157C22CEB4526004CD647 /* InterDisplay-SemiBold.ttf */,
			);
			path = Inter;
			sourceTree = "<group>";
		};
		577476992CED9A1D0066CFB6 /* View */ = {
			isa = PBXGroup;
			children = (
				5774769A2CED9A220066CFB6 /* Carousel.swift */,
				1AE3C59B4E432256FA9F1732 /* TokenList */,
			);
			path = View;
			sourceTree = "<group>";
		};
		57F102892C64CCA0000B3544 = {
			isa = PBXGroup;
			children = (
				57F102942C64CCA0000B3544 /* MinWallet */,
				57F102A52C64CCA1000B3544 /* MinWalletTests */,
				57F102AF2C64CCA1000B3544 /* MinWalletUITests */,
				57F102932C64CCA0000B3544 /* Products */,
				57A6D9192CEC35BF009CF6CD /* Mobile.xcframework */,
				57A6D91A2CEC3604009CF6CD /* mwrust.swift */,
				571262C32D05E57F00B83940 /* Frameworks */,
			);
			sourceTree = "<group>";
		};
		57F102932C64CCA0000B3544 /* Products */ = {
			isa = PBXGroup;
			children = (
				57F102922C64CCA0000B3544 /* MinWallet.app */,
				57F102A22C64CCA1000B3544 /* MinWalletTests.xctest */,
				57F102AC2C64CCA1000B3544 /* MinWalletUITests.xctest */,
			);
			name = Products;
			sourceTree = "<group>";
		};
		57F102942C64CCA0000B3544 /* MinWallet */ = {
			isa = PBXGroup;
			children = (
				5751579F2CEB4443004CD647 /* Info.plist */,
				57F102952C64CCA0000B3544 /* MinWalletApp.swift */,
				9600DEC22CF18500005D997C /* Data */,
				575157902CEB43FF004CD647 /* Features */,
				575157992CEB4407004CD647 /* Shared */,
				57F1029B2C64CCA1000B3544 /* Preview Content */,
			);
			path = MinWallet;
			sourceTree = "<group>";
		};
		57F1029B2C64CCA1000B3544 /* Preview Content */ = {
			isa = PBXGroup;
			children = (
				57F1029C2C64CCA1000B3544 /* Preview Assets.xcassets */,
			);
			path = "Preview Content";
			sourceTree = "<group>";
		};
		57F102A52C64CCA1000B3544 /* MinWalletTests */ = {
			isa = PBXGroup;
			children = (
				57F102A62C64CCA1000B3544 /* MinWalletTests.swift */,
			);
			path = MinWalletTests;
			sourceTree = "<group>";
		};
		57F102AF2C64CCA1000B3544 /* MinWalletUITests */ = {
			isa = PBXGroup;
			children = (
				57F102B02C64CCA1000B3544 /* MinWalletUITests.swift */,
				57F102B22C64CCA1000B3544 /* MinWalletUITestsLaunchTests.swift */,
			);
			path = MinWalletUITests;
			sourceTree = "<group>";
		};
		9600DEB02CF17E52005D997C /* Localize */ = {
			isa = PBXGroup;
			children = (
				9600DEBA2CF18092005D997C /* Localizable.xcstrings */,
			);
			path = Localize;
			sourceTree = "<group>";
		};
		9600DEC22CF18500005D997C /* Data */ = {
			isa = PBXGroup;
			children = (
				9600DEC42CF18513005D997C /* Model */,
				9600DEC32CF1850D005D997C /* Network */,
				9600DEC52CF1851D005D997C /* Storage */,
			);
			path = Data;
			sourceTree = "<group>";
		};
		9600DEC32CF1850D005D997C /* Network */ = {
			isa = PBXGroup;
			children = (
			);
			path = Network;
			sourceTree = "<group>";
		};
		9600DEC42CF18513005D997C /* Model */ = {
			isa = PBXGroup;
			children = (
				966659FF2CF46D480046A20E /* TokenWithPrice.swift */,
				091411DC0725C9FF25F366CD /* Token.swift */,
				96DC05352CF5AD1B00A78356 /* Language.swift */,
				96DC05392CF5B14F00A78356 /* AppSetting.swift */,
			);
			path = Model;
			sourceTree = "<group>";
		};
		9600DEC52CF1851D005D997C /* Storage */ = {
			isa = PBXGroup;
			children = (
				9600DEBC2CF181D6005D997C /* UserDataManager.swift */,
				96DC053B2CF5C34500A78356 /* UserDefault+Ext.swift */,
			);
			path = Storage;
			sourceTree = "<group>";
		};
		9600DEC72CF18615005D997C /* Splash */ = {
			isa = PBXGroup;
			children = (
				9600DEC82CF18620005D997C /* SplashView.swift */,
			);
			path = Splash;
			sourceTree = "<group>";
		};
		9600DECA2CF18797005D997C /* Onboard */ = {
			isa = PBXGroup;
			children = (
				9600DED12CF2B747005D997C /* PolicyConfirmView.swift */,
				9600DED32CF2B757005D997C /* GettingStartedView.swift */,
			);
			path = Onboard;
			sourceTree = "<group>";
		};
		9600DECC2CF187F9005D997C /* Main */ = {
			isa = PBXGroup;
			children = (
				96DC05482CF752B500A78356 /* MainCoordinator.swift */,
				9600DECE2CF18804005D997C /* MainCoordinatorViewModel.swift */,
			);
			path = Main;
			sourceTree = "<group>";
		};
		965591FD2CF810E000301DDB /* Authentication */ = {
			isa = PBXGroup;
			children = (
				965592022CF81A0800301DDB /* KeychainStore.swift */,
				965591FE2CF810E800301DDB /* BiometricAuthentication.swift */,
			);
			path = Authentication;
			sourceTree = "<group>";
		};
		96DC05212CF55C4900A78356 /* Setting */ = {
			isa = PBXGroup;
			children = (
				96DC05222CF55C5400A78356 /* SettingView.swift */,
				96DC05242CF5668400A78356 /* SettingViewModel.swift */,
				96DC05282CF56EFA00A78356 /* AboutView.swift */,
				96DC05312CF5A6AF00A78356 /* CurrencyView.swift */,
				96DC05332CF5A87B00A78356 /* TimeZoneView.swift */,
				96DC05372CF5AF9B00A78356 /* LanguageView.swift */,
				96DC052A2CF5721500A78356 /* AppearanceView.swift */,
			);
			path = Setting;
			sourceTree = "<group>";
		};
		96DC05302CF57E3200A78356 /* CoverSheet */ = {
			isa = PBXGroup;
			children = (
				96DC052C2CF57E3000A78356 /* PartialSheetViews.swift */,
				96DC054E2CF75AFB00A78356 /* RoundedCorner.swift */,
				96DC052D2CF57E3000A78356 /* View+Modifiers.swift */,
			);
			path = CoverSheet;
			sourceTree = "<group>";
		};
		96FE0CEE2CF366A1008E4BFD /* TokenDetail */ = {
			isa = PBXGroup;
			children = (
				96FE0CEF2CF366D7008E4BFD /* TokenDetailView.swift */,
				96FE0CF12CF366FC008E4BFD /* TokenDetailHeaderView.swift */,
				966659FD2CF463AC0046A20E /* TokenDetailChartView.swift */,
				96FE0CF32CF3672E008E4BFD /* TokenDetailStatisticView.swift */,
				96FE0CF52CF36742008E4BFD /* TokenDetailBottomView.swift */,
			);
			path = TokenDetail;
			sourceTree = "<group>";
		};
		96FE0CFD2CF432D2008E4BFD /* FlexibleView */ = {
			isa = PBXGroup;
			children = (
				96FE0CF82CF423C2008E4BFD /* _FlexibleView.swift */,
				96FE0CF72CF423C2008E4BFD /* FlexibleView.swift */,
				96FE0CFB2CF423D1008E4BFD /* SizeReader.swift */,
			);
			path = FlexibleView;
			sourceTree = "<group>";
		};
/* End PBXGroup section */

/* Begin PBXNativeTarget section */
		57F102912C64CCA0000B3544 /* MinWallet */ = {
			isa = PBXNativeTarget;
			buildConfigurationList = 57F102B62C64CCA1000B3544 /* Build configuration list for PBXNativeTarget "MinWallet" */;
			buildPhases = (
				57F1028E2C64CCA0000B3544 /* Sources */,
				57F1028F2C64CCA0000B3544 /* Frameworks */,
				57F102902C64CCA0000B3544 /* Resources */,
			);
			buildRules = (
			);
			dependencies = (
			);
			name = MinWallet;
			productName = MinWallet;
			productReference = 57F102922C64CCA0000B3544 /* MinWallet.app */;
			productType = "com.apple.product-type.application";
		};
		57F102A12C64CCA1000B3544 /* MinWalletTests */ = {
			isa = PBXNativeTarget;
			buildConfigurationList = 57F102B92C64CCA1000B3544 /* Build configuration list for PBXNativeTarget "MinWalletTests" */;
			buildPhases = (
				57F1029E2C64CCA1000B3544 /* Sources */,
				57F1029F2C64CCA1000B3544 /* Frameworks */,
				57F102A02C64CCA1000B3544 /* Resources */,
			);
			buildRules = (
			);
			dependencies = (
				57F102A42C64CCA1000B3544 /* PBXTargetDependency */,
			);
			name = MinWalletTests;
			productName = MinWalletTests;
			productReference = 57F102A22C64CCA1000B3544 /* MinWalletTests.xctest */;
			productType = "com.apple.product-type.bundle.unit-test";
		};
		57F102AB2C64CCA1000B3544 /* MinWalletUITests */ = {
			isa = PBXNativeTarget;
			buildConfigurationList = 57F102BC2C64CCA1000B3544 /* Build configuration list for PBXNativeTarget "MinWalletUITests" */;
			buildPhases = (
				57F102A82C64CCA1000B3544 /* Sources */,
				57F102A92C64CCA1000B3544 /* Frameworks */,
				57F102AA2C64CCA1000B3544 /* Resources */,
			);
			buildRules = (
			);
			dependencies = (
				57F102AE2C64CCA1000B3544 /* PBXTargetDependency */,
			);
			name = MinWalletUITests;
			productName = MinWalletUITests;
			productReference = 57F102AC2C64CCA1000B3544 /* MinWalletUITests.xctest */;
			productType = "com.apple.product-type.bundle.ui-testing";
		};
/* End PBXNativeTarget section */

/* Begin PBXProject section */
		57F1028A2C64CCA0000B3544 /* Project object */ = {
			isa = PBXProject;
			attributes = {
				BuildIndependentTargetsInParallel = 1;
				LastSwiftUpdateCheck = 1540;
				LastUpgradeCheck = 1540;
				TargetAttributes = {
					57F102912C64CCA0000B3544 = {
						CreatedOnToolsVersion = 15.4;
					};
					57F102A12C64CCA1000B3544 = {
						CreatedOnToolsVersion = 15.4;
						TestTargetID = 57F102912C64CCA0000B3544;
					};
					57F102AB2C64CCA1000B3544 = {
						CreatedOnToolsVersion = 15.4;
						TestTargetID = 57F102912C64CCA0000B3544;
					};
				};
			};
			buildConfigurationList = 57F1028D2C64CCA0000B3544 /* Build configuration list for PBXProject "MinWallet" */;
			developmentRegion = en;
			hasScannedForEncodings = 0;
			knownRegions = (
				en,
				Base,
			);
			mainGroup = 57F102892C64CCA0000B3544;
			packageReferences = (
				5728BEC02D05E3B300A17D91 /* XCRemoteSwiftPackageReference "FlowStacks" */,
				5728BEC12D05E3FD00A17D91 /* XCRemoteSwiftPackageReference "Then" */,
				5728BEC22D05E43800A17D91 /* XCRemoteSwiftPackageReference "ScalingHeaderScrollView" */,
			);
			preferredProjectObjectVersion = 77;
			productRefGroup = 57F102932C64CCA0000B3544 /* Products */;
			projectDirPath = "";
			projectRoot = "";
			targets = (
				57F102912C64CCA0000B3544 /* MinWallet */,
				57F102A12C64CCA1000B3544 /* MinWalletTests */,
				57F102AB2C64CCA1000B3544 /* MinWalletUITests */,
			);
		};
/* End PBXProject section */

/* Begin PBXResourcesBuildPhase section */
		57F102902C64CCA0000B3544 /* Resources */ = {
			isa = PBXResourcesBuildPhase;
			buildActionMask = 2147483647;
			files = (
				575157CA2CEB4526004CD647 /* InterDisplay-Bold.ttf in Resources */,
				575157CD2CEB4526004CD647 /* InterDisplay-SemiBold.ttf in Resources */,
				575157D02CEB4526004CD647 /* Inter-SemiBold.ttf in Resources */,
				575157D62CEB4526004CD647 /* InterDisplay-Medium.ttf in Resources */,
				575157D72CEB4526004CD647 /* Inter-Bold.ttf in Resources */,
				575157DA2CEB4526004CD647 /* Inter-Medium.ttf in Resources */,
				575157DE2CEB4526004CD647 /* InterDisplay-Regular.ttf in Resources */,
				9600DEBB2CF18092005D997C /* Localizable.xcstrings in Resources */,
				575157E72CEB4526004CD647 /* Inter-Regular.ttf in Resources */,
				57F1029D2C64CCA1000B3544 /* Preview Assets.xcassets in Resources */,
				57F1029A2C64CCA1000B3544 /* Assets.xcassets in Resources */,
			);
			runOnlyForDeploymentPostprocessing = 0;
		};
		57F102A02C64CCA1000B3544 /* Resources */ = {
			isa = PBXResourcesBuildPhase;
			buildActionMask = 2147483647;
			files = (
			);
			runOnlyForDeploymentPostprocessing = 0;
		};
		57F102AA2C64CCA1000B3544 /* Resources */ = {
			isa = PBXResourcesBuildPhase;
			buildActionMask = 2147483647;
			files = (
			);
			runOnlyForDeploymentPostprocessing = 0;
		};
/* End PBXResourcesBuildPhase section */

/* Begin PBXSourcesBuildPhase section */
		57F1028E2C64CCA0000B3544 /* Sources */ = {
			isa = PBXSourcesBuildPhase;
			buildActionMask = 2147483647;
			files = (
				965591FF2CF810E800301DDB /* BiometricAuthentication.swift in Sources */,
				9600DED22CF2B747005D997C /* PolicyConfirmView.swift in Sources */,
				9600DED02CF18804005D997C /* MainCoordinatorViewModel.swift in Sources */,
				96DC054F2CF75AFB00A78356 /* RoundedCorner.swift in Sources */,
				96DC052E2CF57E3000A78356 /* PartialSheetViews.swift in Sources */,
				96DC05362CF5AD1B00A78356 /* Language.swift in Sources */,
				575157912CEB43FF004CD647 /* HomeView.swift in Sources */,
				96DC053A2CF5B14F00A78356 /* AppSetting.swift in Sources */,
				96665A022CF477490046A20E /* HomeViewModel.swift in Sources */,
				96FE0CF22CF366FC008E4BFD /* TokenDetailHeaderView.swift in Sources */,
				5718EB1A2CEDE5BA00CDE34D /* View+Ext.swift in Sources */,
				9600DED42CF2B757005D997C /* GettingStartedView.swift in Sources */,
				96DC05492CF752B500A78356 /* MainCoordinator.swift in Sources */,
				5774769B2CED9A280066CFB6 /* Carousel.swift in Sources */,
				96DC05382CF5AF9B00A78356 /* LanguageView.swift in Sources */,
				96DC05232CF55C5400A78356 /* SettingView.swift in Sources */,
				966659FE2CF463AC0046A20E /* TokenDetailChartView.swift in Sources */,
				9600DEAE2CF172C9005D997C /* Appearance.swift in Sources */,
				96DC052B2CF5721500A78356 /* AppearanceView.swift in Sources */,
				5718EB1D2CEDF72000CDE34D /* ShortenAddress.swift in Sources */,
				96DC05342CF5A87B00A78356 /* TimeZoneView.swift in Sources */,
				5751579B2CEB4407004CD647 /* CustomButton.swift in Sources */,
				5751579C2CEB4407004CD647 /* Others.swift in Sources */,
				96DC05252CF5668400A78356 /* SettingViewModel.swift in Sources */,
				96FE0CFA2CF423C2008E4BFD /* _FlexibleView.swift in Sources */,
				96665A042CF4C60D0046A20E /* SideMenuView.swift in Sources */,
				96FE0CFC2CF423D1008E4BFD /* SizeReader.swift in Sources */,
				96FE0CF42CF3672E008E4BFD /* TokenDetailStatisticView.swift in Sources */,
				96665A002CF46D480046A20E /* TokenWithPrice.swift in Sources */,
				96DC052F2CF57E3000A78356 /* View+Modifiers.swift in Sources */,
				5751579E2CEB4407004CD647 /* Font.swift in Sources */,
				96DC053C2CF5C34500A78356 /* UserDefault+Ext.swift in Sources */,
				965592032CF81A0800301DDB /* KeychainStore.swift in Sources */,
				96FE0CED2CF36033008E4BFD /* TokenListView.swift in Sources */,
				57F102962C64CCA0000B3544 /* MinWalletApp.swift in Sources */,
				9600DEBD2CF181D6005D997C /* UserDataManager.swift in Sources */,
				96DC05322CF5A6AF00A78356 /* CurrencyView.swift in Sources */,
				96DC05272CF5685800A78356 /* SwitchToggleStyle.swift in Sources */,
				96DC05292CF56EFA00A78356 /* AboutView.swift in Sources */,
				7B0080B69E81CABECF03244F /* TokenLogo.swift in Sources */,
				96FE0CF62CF36742008E4BFD /* TokenDetailBottomView.swift in Sources */,
				E92422734A5D6B793E704F95 /* TokenListItemView.swift in Sources */,
				96FE0CFF2CF433E4008E4BFD /* AppBar.swift in Sources */,
				96FE0CF02CF366D7008E4BFD /* TokenDetailView.swift in Sources */,
				9600DEC92CF18620005D997C /* SplashView.swift in Sources */,
				2802CFDB8CD6498862AF73F2 /* Token.swift in Sources */,
				965592012CF813BF00301DDB /* AppGeneralError.swift in Sources */,
				965592162CF858E700301DDB /* SecurePasswordTextField.swift in Sources */,
				96FE0CF92CF423C2008E4BFD /* FlexibleView.swift in Sources */,
			);
			runOnlyForDeploymentPostprocessing = 0;
		};
		57F1029E2C64CCA1000B3544 /* Sources */ = {
			isa = PBXSourcesBuildPhase;
			buildActionMask = 2147483647;
			files = (
				57F102A72C64CCA1000B3544 /* MinWalletTests.swift in Sources */,
			);
			runOnlyForDeploymentPostprocessing = 0;
		};
		57F102A82C64CCA1000B3544 /* Sources */ = {
			isa = PBXSourcesBuildPhase;
			buildActionMask = 2147483647;
			files = (
				57F102B32C64CCA1000B3544 /* MinWalletUITestsLaunchTests.swift in Sources */,
				57F102B12C64CCA1000B3544 /* MinWalletUITests.swift in Sources */,
			);
			runOnlyForDeploymentPostprocessing = 0;
		};
/* End PBXSourcesBuildPhase section */

/* Begin PBXTargetDependency section */
		57F102A42C64CCA1000B3544 /* PBXTargetDependency */ = {
			isa = PBXTargetDependency;
			target = 57F102912C64CCA0000B3544 /* MinWallet */;
			targetProxy = 57F102A32C64CCA1000B3544 /* PBXContainerItemProxy */;
		};
		57F102AE2C64CCA1000B3544 /* PBXTargetDependency */ = {
			isa = PBXTargetDependency;
			target = 57F102912C64CCA0000B3544 /* MinWallet */;
			targetProxy = 57F102AD2C64CCA1000B3544 /* PBXContainerItemProxy */;
		};
/* End PBXTargetDependency section */

/* Begin XCBuildConfiguration section */
		57F102B42C64CCA1000B3544 /* Debug */ = {
			isa = XCBuildConfiguration;
			buildSettings = {
				ALWAYS_SEARCH_USER_PATHS = NO;
				ASSETCATALOG_COMPILER_GENERATE_SWIFT_ASSET_SYMBOL_EXTENSIONS = YES;
				CLANG_ANALYZER_NONNULL = YES;
				CLANG_ANALYZER_NUMBER_OBJECT_CONVERSION = YES_AGGRESSIVE;
				CLANG_CXX_LANGUAGE_STANDARD = "gnu++20";
				CLANG_ENABLE_MODULES = YES;
				CLANG_ENABLE_OBJC_ARC = YES;
				CLANG_ENABLE_OBJC_WEAK = YES;
				CLANG_WARN_BLOCK_CAPTURE_AUTORELEASING = YES;
				CLANG_WARN_BOOL_CONVERSION = YES;
				CLANG_WARN_COMMA = YES;
				CLANG_WARN_CONSTANT_CONVERSION = YES;
				CLANG_WARN_DEPRECATED_OBJC_IMPLEMENTATIONS = YES;
				CLANG_WARN_DIRECT_OBJC_ISA_USAGE = YES_ERROR;
				CLANG_WARN_DOCUMENTATION_COMMENTS = YES;
				CLANG_WARN_EMPTY_BODY = YES;
				CLANG_WARN_ENUM_CONVERSION = YES;
				CLANG_WARN_INFINITE_RECURSION = YES;
				CLANG_WARN_INT_CONVERSION = YES;
				CLANG_WARN_NON_LITERAL_NULL_CONVERSION = YES;
				CLANG_WARN_OBJC_IMPLICIT_RETAIN_SELF = YES;
				CLANG_WARN_OBJC_LITERAL_CONVERSION = YES;
				CLANG_WARN_OBJC_ROOT_CLASS = YES_ERROR;
				CLANG_WARN_QUOTED_INCLUDE_IN_FRAMEWORK_HEADER = YES;
				CLANG_WARN_RANGE_LOOP_ANALYSIS = YES;
				CLANG_WARN_STRICT_PROTOTYPES = YES;
				CLANG_WARN_SUSPICIOUS_MOVE = YES;
				CLANG_WARN_UNGUARDED_AVAILABILITY = YES_AGGRESSIVE;
				CLANG_WARN_UNREACHABLE_CODE = YES;
				CLANG_WARN__DUPLICATE_METHOD_MATCH = YES;
				COPY_PHASE_STRIP = NO;
				DEBUG_INFORMATION_FORMAT = dwarf;
				ENABLE_STRICT_OBJC_MSGSEND = YES;
				ENABLE_TESTABILITY = YES;
				ENABLE_USER_SCRIPT_SANDBOXING = YES;
				GCC_C_LANGUAGE_STANDARD = gnu17;
				GCC_DYNAMIC_NO_PIC = NO;
				GCC_NO_COMMON_BLOCKS = YES;
				GCC_OPTIMIZATION_LEVEL = 0;
				GCC_PREPROCESSOR_DEFINITIONS = (
					"DEBUG=1",
					"$(inherited)",
				);
				GCC_WARN_64_TO_32_BIT_CONVERSION = YES;
				GCC_WARN_ABOUT_RETURN_TYPE = YES_ERROR;
				GCC_WARN_UNDECLARED_SELECTOR = YES;
				GCC_WARN_UNINITIALIZED_AUTOS = YES_AGGRESSIVE;
				GCC_WARN_UNUSED_FUNCTION = YES;
				GCC_WARN_UNUSED_VARIABLE = YES;
				IPHONEOS_DEPLOYMENT_TARGET = 16.0;
				LOCALIZATION_PREFERS_STRING_CATALOGS = YES;
				MTL_ENABLE_DEBUG_INFO = INCLUDE_SOURCE;
				MTL_FAST_MATH = YES;
				ONLY_ACTIVE_ARCH = YES;
				SDKROOT = iphoneos;
				SWIFT_ACTIVE_COMPILATION_CONDITIONS = "DEBUG $(inherited)";
				SWIFT_OPTIMIZATION_LEVEL = "-Onone";
			};
			name = Debug;
		};
		57F102B52C64CCA1000B3544 /* Release */ = {
			isa = XCBuildConfiguration;
			buildSettings = {
				ALWAYS_SEARCH_USER_PATHS = NO;
				ASSETCATALOG_COMPILER_GENERATE_SWIFT_ASSET_SYMBOL_EXTENSIONS = YES;
				CLANG_ANALYZER_NONNULL = YES;
				CLANG_ANALYZER_NUMBER_OBJECT_CONVERSION = YES_AGGRESSIVE;
				CLANG_CXX_LANGUAGE_STANDARD = "gnu++20";
				CLANG_ENABLE_MODULES = YES;
				CLANG_ENABLE_OBJC_ARC = YES;
				CLANG_ENABLE_OBJC_WEAK = YES;
				CLANG_WARN_BLOCK_CAPTURE_AUTORELEASING = YES;
				CLANG_WARN_BOOL_CONVERSION = YES;
				CLANG_WARN_COMMA = YES;
				CLANG_WARN_CONSTANT_CONVERSION = YES;
				CLANG_WARN_DEPRECATED_OBJC_IMPLEMENTATIONS = YES;
				CLANG_WARN_DIRECT_OBJC_ISA_USAGE = YES_ERROR;
				CLANG_WARN_DOCUMENTATION_COMMENTS = YES;
				CLANG_WARN_EMPTY_BODY = YES;
				CLANG_WARN_ENUM_CONVERSION = YES;
				CLANG_WARN_INFINITE_RECURSION = YES;
				CLANG_WARN_INT_CONVERSION = YES;
				CLANG_WARN_NON_LITERAL_NULL_CONVERSION = YES;
				CLANG_WARN_OBJC_IMPLICIT_RETAIN_SELF = YES;
				CLANG_WARN_OBJC_LITERAL_CONVERSION = YES;
				CLANG_WARN_OBJC_ROOT_CLASS = YES_ERROR;
				CLANG_WARN_QUOTED_INCLUDE_IN_FRAMEWORK_HEADER = YES;
				CLANG_WARN_RANGE_LOOP_ANALYSIS = YES;
				CLANG_WARN_STRICT_PROTOTYPES = YES;
				CLANG_WARN_SUSPICIOUS_MOVE = YES;
				CLANG_WARN_UNGUARDED_AVAILABILITY = YES_AGGRESSIVE;
				CLANG_WARN_UNREACHABLE_CODE = YES;
				CLANG_WARN__DUPLICATE_METHOD_MATCH = YES;
				COPY_PHASE_STRIP = NO;
				DEBUG_INFORMATION_FORMAT = "dwarf-with-dsym";
				ENABLE_NS_ASSERTIONS = NO;
				ENABLE_STRICT_OBJC_MSGSEND = YES;
				ENABLE_USER_SCRIPT_SANDBOXING = YES;
				GCC_C_LANGUAGE_STANDARD = gnu17;
				GCC_NO_COMMON_BLOCKS = YES;
				GCC_WARN_64_TO_32_BIT_CONVERSION = YES;
				GCC_WARN_ABOUT_RETURN_TYPE = YES_ERROR;
				GCC_WARN_UNDECLARED_SELECTOR = YES;
				GCC_WARN_UNINITIALIZED_AUTOS = YES_AGGRESSIVE;
				GCC_WARN_UNUSED_FUNCTION = YES;
				GCC_WARN_UNUSED_VARIABLE = YES;
				IPHONEOS_DEPLOYMENT_TARGET = 16.0;
				LOCALIZATION_PREFERS_STRING_CATALOGS = YES;
				MTL_ENABLE_DEBUG_INFO = NO;
				MTL_FAST_MATH = YES;
				SDKROOT = iphoneos;
				SWIFT_COMPILATION_MODE = wholemodule;
				VALIDATE_PRODUCT = YES;
			};
			name = Release;
		};
		57F102B72C64CCA1000B3544 /* Debug */ = {
			isa = XCBuildConfiguration;
			buildSettings = {
				ASSETCATALOG_COMPILER_APPICON_NAME = AppIcon;
				ASSETCATALOG_COMPILER_GLOBAL_ACCENT_COLOR_NAME = AccentColor;
				"CODE_SIGN_IDENTITY[sdk=iphoneos*]" = "iPhone Developer";
				CODE_SIGN_STYLE = Manual;
				CURRENT_PROJECT_VERSION = 1;
				DEVELOPMENT_ASSET_PATHS = "\"MinWallet/Preview Content\"";
				DEVELOPMENT_TEAM = "";
				"DEVELOPMENT_TEAM[sdk=iphoneos*]" = 3FM7JRXRKW;
				ENABLE_PREVIEWS = YES;
				ENABLE_USER_SCRIPT_SANDBOXING = NO;
				GENERATE_INFOPLIST_FILE = YES;
				INFOPLIST_FILE = MinWallet/Info.plist;
				INFOPLIST_KEY_UIApplicationSceneManifest_Generation = YES;
				INFOPLIST_KEY_UIApplicationSupportsIndirectInputEvents = YES;
				INFOPLIST_KEY_UILaunchScreen_Generation = YES;
				INFOPLIST_KEY_UISupportedInterfaceOrientations = UIInterfaceOrientationPortrait;
				IPHONEOS_DEPLOYMENT_TARGET = 16.0;
				LD_RUNPATH_SEARCH_PATHS = (
					"$(inherited)",
					"@executable_path/Frameworks",
				);
				MARKETING_VERSION = 1.0;
				PRODUCT_BUNDLE_IDENTIFIER = org.minswap.MinWallet;
				PRODUCT_NAME = "$(TARGET_NAME)";
				PROVISIONING_PROFILE_SPECIFIER = "";
				"PROVISIONING_PROFILE_SPECIFIER[sdk=iphoneos*]" = "match Development org.minswap.MinWallet";
				SUPPORTED_PLATFORMS = "iphoneos iphonesimulator";
				SUPPORTS_MACCATALYST = NO;
				SUPPORTS_MAC_DESIGNED_FOR_IPHONE_IPAD = NO;
				SUPPORTS_XR_DESIGNED_FOR_IPHONE_IPAD = NO;
				SWIFT_EMIT_LOC_STRINGS = YES;
				SWIFT_VERSION = 5.0;
				TARGETED_DEVICE_FAMILY = "1,2";
			};
			name = Debug;
		};
		57F102B82C64CCA1000B3544 /* Release */ = {
			isa = XCBuildConfiguration;
			buildSettings = {
				ASSETCATALOG_COMPILER_APPICON_NAME = AppIcon;
				ASSETCATALOG_COMPILER_GLOBAL_ACCENT_COLOR_NAME = AccentColor;
				"CODE_SIGN_IDENTITY[sdk=iphoneos*]" = "iPhone Distribution";
				CODE_SIGN_STYLE = Manual;
				CURRENT_PROJECT_VERSION = 1;
				DEVELOPMENT_ASSET_PATHS = "\"MinWallet/Preview Content\"";
				DEVELOPMENT_TEAM = "";
				"DEVELOPMENT_TEAM[sdk=iphoneos*]" = 3FM7JRXRKW;
				ENABLE_PREVIEWS = YES;
				ENABLE_USER_SCRIPT_SANDBOXING = NO;
				GENERATE_INFOPLIST_FILE = YES;
				INFOPLIST_FILE = MinWallet/Info.plist;
				INFOPLIST_KEY_UIApplicationSceneManifest_Generation = YES;
				INFOPLIST_KEY_UIApplicationSupportsIndirectInputEvents = YES;
				INFOPLIST_KEY_UILaunchScreen_Generation = YES;
				INFOPLIST_KEY_UISupportedInterfaceOrientations = UIInterfaceOrientationPortrait;
				IPHONEOS_DEPLOYMENT_TARGET = 16.0;
				LD_RUNPATH_SEARCH_PATHS = (
					"$(inherited)",
					"@executable_path/Frameworks",
				);
				MARKETING_VERSION = 1.0;
				PRODUCT_BUNDLE_IDENTIFIER = org.minswap.MinWallet;
				PRODUCT_NAME = "$(TARGET_NAME)";
				PROVISIONING_PROFILE_SPECIFIER = "";
				"PROVISIONING_PROFILE_SPECIFIER[sdk=iphoneos*]" = "match AppStore org.minswap.MinWallet";
				SUPPORTED_PLATFORMS = "iphoneos iphonesimulator";
				SUPPORTS_MACCATALYST = NO;
				SUPPORTS_MAC_DESIGNED_FOR_IPHONE_IPAD = NO;
				SUPPORTS_XR_DESIGNED_FOR_IPHONE_IPAD = NO;
				SWIFT_EMIT_LOC_STRINGS = YES;
				SWIFT_VERSION = 5.0;
				TARGETED_DEVICE_FAMILY = "1,2";
			};
			name = Release;
		};
		57F102BA2C64CCA1000B3544 /* Debug */ = {
			isa = XCBuildConfiguration;
			buildSettings = {
				ALWAYS_EMBED_SWIFT_STANDARD_LIBRARIES = YES;
				BUNDLE_LOADER = "$(TEST_HOST)";
				CODE_SIGN_STYLE = Automatic;
				CURRENT_PROJECT_VERSION = 1;
				ENABLE_USER_SCRIPT_SANDBOXING = NO;
				GENERATE_INFOPLIST_FILE = YES;
				IPHONEOS_DEPLOYMENT_TARGET = 17.5;
				MARKETING_VERSION = 1.0;
				PRODUCT_BUNDLE_IDENTIFIER = org.minswap.MinWalletTests;
				PRODUCT_NAME = "$(TARGET_NAME)";
				SWIFT_EMIT_LOC_STRINGS = NO;
				SWIFT_VERSION = 5.0;
				TARGETED_DEVICE_FAMILY = "1,2";
				TEST_HOST = "$(BUILT_PRODUCTS_DIR)/MinWallet.app/$(BUNDLE_EXECUTABLE_FOLDER_PATH)/MinWallet";
			};
			name = Debug;
		};
		57F102BB2C64CCA1000B3544 /* Release */ = {
			isa = XCBuildConfiguration;
			buildSettings = {
				ALWAYS_EMBED_SWIFT_STANDARD_LIBRARIES = YES;
				BUNDLE_LOADER = "$(TEST_HOST)";
				CODE_SIGN_STYLE = Automatic;
				CURRENT_PROJECT_VERSION = 1;
				ENABLE_USER_SCRIPT_SANDBOXING = NO;
				GENERATE_INFOPLIST_FILE = YES;
				IPHONEOS_DEPLOYMENT_TARGET = 17.5;
				MARKETING_VERSION = 1.0;
				PRODUCT_BUNDLE_IDENTIFIER = org.minswap.MinWalletTests;
				PRODUCT_NAME = "$(TARGET_NAME)";
				SWIFT_EMIT_LOC_STRINGS = NO;
				SWIFT_VERSION = 5.0;
				TARGETED_DEVICE_FAMILY = "1,2";
				TEST_HOST = "$(BUILT_PRODUCTS_DIR)/MinWallet.app/$(BUNDLE_EXECUTABLE_FOLDER_PATH)/MinWallet";
			};
			name = Release;
		};
		57F102BD2C64CCA1000B3544 /* Debug */ = {
			isa = XCBuildConfiguration;
			buildSettings = {
				ALWAYS_EMBED_SWIFT_STANDARD_LIBRARIES = YES;
				CODE_SIGN_STYLE = Automatic;
				CURRENT_PROJECT_VERSION = 1;
				ENABLE_USER_SCRIPT_SANDBOXING = NO;
				GENERATE_INFOPLIST_FILE = YES;
				MARKETING_VERSION = 1.0;
				PRODUCT_BUNDLE_IDENTIFIER = org.minswap.MinWalletUITests;
				PRODUCT_NAME = "$(TARGET_NAME)";
				SWIFT_EMIT_LOC_STRINGS = NO;
				SWIFT_VERSION = 5.0;
				TARGETED_DEVICE_FAMILY = "1,2";
				TEST_TARGET_NAME = MinWallet;
			};
			name = Debug;
		};
		57F102BE2C64CCA1000B3544 /* Release */ = {
			isa = XCBuildConfiguration;
			buildSettings = {
				ALWAYS_EMBED_SWIFT_STANDARD_LIBRARIES = YES;
				CODE_SIGN_STYLE = Automatic;
				CURRENT_PROJECT_VERSION = 1;
				ENABLE_USER_SCRIPT_SANDBOXING = NO;
				GENERATE_INFOPLIST_FILE = YES;
				MARKETING_VERSION = 1.0;
				PRODUCT_BUNDLE_IDENTIFIER = org.minswap.MinWalletUITests;
				PRODUCT_NAME = "$(TARGET_NAME)";
				SWIFT_EMIT_LOC_STRINGS = NO;
				SWIFT_VERSION = 5.0;
				TARGETED_DEVICE_FAMILY = "1,2";
				TEST_TARGET_NAME = MinWallet;
			};
			name = Release;
		};
/* End XCBuildConfiguration section */

/* Begin XCConfigurationList section */
		57F1028D2C64CCA0000B3544 /* Build configuration list for PBXProject "MinWallet" */ = {
			isa = XCConfigurationList;
			buildConfigurations = (
				57F102B42C64CCA1000B3544 /* Debug */,
				57F102B52C64CCA1000B3544 /* Release */,
			);
			defaultConfigurationIsVisible = 0;
			defaultConfigurationName = Release;
		};
		57F102B62C64CCA1000B3544 /* Build configuration list for PBXNativeTarget "MinWallet" */ = {
			isa = XCConfigurationList;
			buildConfigurations = (
				57F102B72C64CCA1000B3544 /* Debug */,
				57F102B82C64CCA1000B3544 /* Release */,
			);
			defaultConfigurationIsVisible = 0;
			defaultConfigurationName = Release;
		};
		57F102B92C64CCA1000B3544 /* Build configuration list for PBXNativeTarget "MinWalletTests" */ = {
			isa = XCConfigurationList;
			buildConfigurations = (
				57F102BA2C64CCA1000B3544 /* Debug */,
				57F102BB2C64CCA1000B3544 /* Release */,
			);
			defaultConfigurationIsVisible = 0;
			defaultConfigurationName = Release;
		};
		57F102BC2C64CCA1000B3544 /* Build configuration list for PBXNativeTarget "MinWalletUITests" */ = {
			isa = XCConfigurationList;
			buildConfigurations = (
				57F102BD2C64CCA1000B3544 /* Debug */,
				57F102BE2C64CCA1000B3544 /* Release */,
			);
			defaultConfigurationIsVisible = 0;
			defaultConfigurationName = Release;
		};
/* End XCConfigurationList section */

/* Begin XCRemoteSwiftPackageReference section */
		5728BEC02D05E3B300A17D91 /* XCRemoteSwiftPackageReference "FlowStacks" */ = {
			isa = XCRemoteSwiftPackageReference;
			repositoryURL = "https://github.com/johnpatrickmorgan/FlowStacks";
			requirement = {
				kind = exactVersion;
				version = 0.8.3;
			};
		};
		5728BEC12D05E3FD00A17D91 /* XCRemoteSwiftPackageReference "Then" */ = {
			isa = XCRemoteSwiftPackageReference;
			repositoryURL = "https://github.com/devxoul/Then";
			requirement = {
				kind = exactVersion;
				version = 3.0.0;
			};
		};
		5728BEC22D05E43800A17D91 /* XCRemoteSwiftPackageReference "ScalingHeaderScrollView" */ = {
			isa = XCRemoteSwiftPackageReference;
			repositoryURL = "https://github.com/exyte/ScalingHeaderScrollView.git";
			requirement = {
				kind = exactVersion;
				version = 1.1.5;
			};
		};
/* End XCRemoteSwiftPackageReference section */

/* Begin XCSwiftPackageProductDependency section */
		571262C42D05E57F00B83940 /* FlowStacks */ = {
			isa = XCSwiftPackageProductDependency;
			package = 5728BEC02D05E3B300A17D91 /* XCRemoteSwiftPackageReference "FlowStacks" */;
			productName = FlowStacks;
		};
		571262C62D05E59500B83940 /* Then */ = {
			isa = XCSwiftPackageProductDependency;
			package = 5728BEC12D05E3FD00A17D91 /* XCRemoteSwiftPackageReference "Then" */;
			productName = Then;
		};
		571262C82D05E59800B83940 /* ScalingHeaderScrollView */ = {
			isa = XCSwiftPackageProductDependency;
			package = 5728BEC22D05E43800A17D91 /* XCRemoteSwiftPackageReference "ScalingHeaderScrollView" */;
			productName = ScalingHeaderScrollView;
		};
/* End XCSwiftPackageProductDependency section */
	};
	rootObject = 57F1028A2C64CCA0000B3544 /* Project object */;
}
